PODS:
  - ASIHTTPRequest (1.8.1):
    - ASIHTTPRequest/ASIWebPageRequest
    - ASIHTTPRequest/CloudFiles
    - ASIHTTPRequest/Core
    - ASIHTTPRequest/S3
  - ASIHTTPRequest/ASIWebPageRequest (1.8.1):
    - ASIHTTPRequest/Core
  - ASIHTTPRequest/CloudFiles (1.8.1):
    - ASIHTTPRequest/Core
  - ASIHTTPRequest/Core (1.8.1):
    - Reachability
  - ASIHTTPRequest/S3 (1.8.1):
    - ASIHTTPRequest/Core
  - EDColor (0.2.1)
  - FMDB (2.2):
    - FMDB/standard
  - FMDB/common (2.2)
  - FMDB/standard (2.2):
    - FMDB/common
  - FontAwesomeKit (2.1.4):
    - FontAwesomeKit/Core
    - FontAwesomeKit/FontAwesome
    - FontAwesomeKit/FoundationIcons
    - FontAwesomeKit/IonIcons
    - FontAwesomeKit/Zocial
  - FontAwesomeKit/Core (2.1.4)
  - FontAwesomeKit/FontAwesome (2.1.4):
    - FontAwesomeKit/Core
  - FontAwesomeKit/FoundationIcons (2.1.4):
    - FontAwesomeKit/Core
  - FontAwesomeKit/IonIcons (2.1.4):
    - FontAwesomeKit/Core
  - FontAwesomeKit/Zocial (2.1.4):
    - FontAwesomeKit/Core
  - Reachability (3.1.1)
  - SDWebImage (3.5.2):
    - SDWebImage/Core
  - SDWebImage/Core (3.5.2)
  - ZXingObjC (2.2.3)

DEPENDENCIES:
  - ASIHTTPRequest (~> 1.8.1)
  - EDColor (~> 0.2.1)
  - FMDB (~> 2.1)
  - FontAwesomeKit (~> 2.1.4)
  - SDWebImage (~> 3.5.1)
  - ZXingObjC (~> 2.2.0)

SPEC CHECKSUMS:
  ASIHTTPRequest: 34f0d02cc3e31e87591c8d9bda78697a29b92035
  EDColor: d3717ea14cd90bf47591d0dc66aeb871bd6c850d
  FMDB: 97472cfacf0d9e445e915704fb43b4b142799c36
  FontAwesomeKit: 082a427b37f26cd535b7f295cb686f8ab0da707e
  Reachability: be4883bb93f31e38266ae3365e5600a317aae735
  SDWebImage: fe7ce01ae4e0a884d168f59c9dd82d35baf8429e
  ZXingObjC: 352024760388de6b6241d34844fac59f2a1a6c68

COCOAPODS: 0.29.0
