// !$*UTF8*$!
{
	archiveVersion = 1;
	classes = {
	};
	objectVersion = 46;
	objects = {

/* Begin PBXBuildFile section */
		18A9126318BB216E006B9A04 /* Foundation.framework in Frameworks */ = {isa = PBXBuildFile; fileRef = 18A9126218BB216E006B9A04 /* Foundation.framework */; };
		18A9126518BB216E006B9A04 /* CoreGraphics.framework in Frameworks */ = {isa = PBXBuildFile; fileRef = 18A9126418BB216E006B9A04 /* CoreGraphics.framework */; };
		18A9126718BB216E006B9A04 /* UIKit.framework in Frameworks */ = {isa = PBXBuildFile; fileRef = 18A9126618BB216E006B9A04 /* UIKit.framework */; };
		18A9126F18BB216E006B9A04 /* main.m in Sources */ = {isa = PBXBuildFile; fileRef = 18A9126E18BB216E006B9A04 /* main.m */; };
		18A9127318BB216E006B9A04 /* AppDelegate.m in Sources */ = {isa = PBXBuildFile; fileRef = 18A9127218BB216E006B9A04 /* AppDelegate.m */; };
		18A9129C18BB2350006B9A04 /* Base.xcconfig in Resources */ = {isa = PBXBuildFile; fileRef = 18A9129418BB2350006B9A04 /* Base.xcconfig */; };
		18A9129D18BB2350006B9A04 /* Debug.xcconfig in Resources */ = {isa = PBXBuildFile; fileRef = 18A9129518BB2350006B9A04 /* Debug.xcconfig */; };
		18A9129E18BB2350006B9A04 /* Release.xcconfig in Resources */ = {isa = PBXBuildFile; fileRef = 18A9129618BB2350006B9A04 /* Release.xcconfig */; };
		18A9129F18BB2350006B9A04 /* Test.xcconfig in Resources */ = {isa = PBXBuildFile; fileRef = 18A9129718BB2350006B9A04 /* Test.xcconfig */; };
		18A912A518BB249A006B9A04 /* InfoPlist.strings in Resources */ = {isa = PBXBuildFile; fileRef = 18A912A718BB249A006B9A04 /* InfoPlist.strings */; };
		18A912A818BB249E006B9A04 /* Localizable.strings in Resources */ = {isa = PBXBuildFile; fileRef = 18A912AA18BB249E006B9A04 /* Localizable.strings */; };
		18A912AE18BB2552006B9A04 /* Images.xcassets in Resources */ = {isa = PBXBuildFile; fileRef = 18A912AD18BB2552006B9A04 /* Images.xcassets */; };
		18A912BE18BB25AA006B9A04 /* Icon-40.png in Resources */ = {isa = PBXBuildFile; fileRef = 18A912B118BB25AA006B9A04 /* Icon-40.png */; };
		18A912BF18BB25AA006B9A04 /* Icon-40@2x.png in Resources */ = {isa = PBXBuildFile; fileRef = 18A912B218BB25AA006B9A04 /* Icon-40@2x.png */; };
		18A912C018BB25AA006B9A04 /* Icon-60@2x.png in Resources */ = {isa = PBXBuildFile; fileRef = 18A912B318BB25AA006B9A04 /* Icon-60@2x.png */; };
		18A912C118BB25AA006B9A04 /* Icon-72.png in Resources */ = {isa = PBXBuildFile; fileRef = 18A912B418BB25AA006B9A04 /* Icon-72.png */; };
		18A912C218BB25AA006B9A04 /* Icon-72@2x.png in Resources */ = {isa = PBXBuildFile; fileRef = 18A912B518BB25AA006B9A04 /* Icon-72@2x.png */; };
		18A912C318BB25AA006B9A04 /* Icon-76.png in Resources */ = {isa = PBXBuildFile; fileRef = 18A912B618BB25AA006B9A04 /* Icon-76.png */; };
		18A912C418BB25AA006B9A04 /* Icon-76@2x.png in Resources */ = {isa = PBXBuildFile; fileRef = 18A912B718BB25AA006B9A04 /* Icon-76@2x.png */; };
		18A912C518BB25AA006B9A04 /* Icon-Small-50.png in Resources */ = {isa = PBXBuildFile; fileRef = 18A912B818BB25AA006B9A04 /* Icon-Small-50.png */; };
		18A912C618BB25AA006B9A04 /* Icon-Small-50@2x.png in Resources */ = {isa = PBXBuildFile; fileRef = 18A912B918BB25AA006B9A04 /* Icon-Small-50@2x.png */; };
		18A912C718BB25AA006B9A04 /* Icon-Small.png in Resources */ = {isa = PBXBuildFile; fileRef = 18A912BA18BB25AA006B9A04 /* Icon-Small.png */; };
		18A912C818BB25AA006B9A04 /* Icon-Small@2x.png in Resources */ = {isa = PBXBuildFile; fileRef = 18A912BB18BB25AA006B9A04 /* Icon-Small@2x.png */; };
		18A912C918BB25AA006B9A04 /* Icon.png in Resources */ = {isa = PBXBuildFile; fileRef = 18A912BC18BB25AA006B9A04 /* Icon.png */; };
		18A912CA18BB25AA006B9A04 /* Icon@2x.png in Resources */ = {isa = PBXBuildFile; fileRef = 18A912BD18BB25AA006B9A04 /* Icon@2x.png */; };
		18A912D218BB2670006B9A04 /* Default-568h@2x.png in Resources */ = {isa = PBXBuildFile; fileRef = 18A912CB18BB2670006B9A04 /* Default-568h@2x.png */; };
		18A912D318BB2670006B9A04 /* Default-Landscape@2x~ipad.png in Resources */ = {isa = PBXBuildFile; fileRef = 18A912CC18BB2670006B9A04 /* Default-Landscape@2x~ipad.png */; };
		18A912D418BB2670006B9A04 /* Default-Landscape~ipad.png in Resources */ = {isa = PBXBuildFile; fileRef = 18A912CD18BB2670006B9A04 /* Default-Landscape~ipad.png */; };
		18A912D518BB2670006B9A04 /* Default-Portrait@2x~ipad.png in Resources */ = {isa = PBXBuildFile; fileRef = 18A912CE18BB2670006B9A04 /* Default-Portrait@2x~ipad.png */; };
		18A912D618BB2670006B9A04 /* Default-Portrait~ipad.png in Resources */ = {isa = PBXBuildFile; fileRef = 18A912CF18BB2670006B9A04 /* Default-Portrait~ipad.png */; };
		18A912D718BB2670006B9A04 /* Default.png in Resources */ = {isa = PBXBuildFile; fileRef = 18A912D018BB2670006B9A04 /* Default.png */; };
		18A912D818BB2670006B9A04 /* Default@2x.png in Resources */ = {isa = PBXBuildFile; fileRef = 18A912D118BB2670006B9A04 /* Default@2x.png */; };
		18A912E218BB26B6006B9A04 /* BaseViewController.m in Sources */ = {isa = PBXBuildFile; fileRef = 18A912DC18BB26B6006B9A04 /* BaseViewController.m */; };
		18A912E418BB26B6006B9A04 /* User.m in Sources */ = {isa = PBXBuildFile; fileRef = 18A912E118BB26B6006B9A04 /* User.m */; };
		18A912EC18BB2826006B9A04 /* UIView+WelKit.m in Sources */ = {isa = PBXBuildFile; fileRef = 18A912E918BB2826006B9A04 /* UIView+WelKit.m */; };
		4660E69018BB73E1005B3C7D /* ProductsViewController.m in Sources */ = {isa = PBXBuildFile; fileRef = 4660E68F18BB73E1005B3C7D /* ProductsViewController.m */; };
		4660E69618BB73FF005B3C7D /* UserViewController.m in Sources */ = {isa = PBXBuildFile; fileRef = 4660E69518BB73FF005B3C7D /* UserViewController.m */; };
		4660E6AB18BB7666005B3C7D /* CoreText.framework in Frameworks */ = {isa = PBXBuildFile; fileRef = 4660E6AA18BB7666005B3C7D /* CoreText.framework */; };
		4665FD7C18BC7D4700E88C6B /* CommentsViewController.m in Sources */ = {isa = PBXBuildFile; fileRef = 4665FD7B18BC7D4700E88C6B /* CommentsViewController.m */; };
		4665FD8518BC801000E88C6B /* Work.m in Sources */ = {isa = PBXBuildFile; fileRef = 4665FD8418BC801000E88C6B /* Work.m */; };
		46A46FE518BE21160057F579 /* CoreLocation.framework in Frameworks */ = {isa = PBXBuildFile; fileRef = 46A46FE418BE21160057F579 /* CoreLocation.framework */; };
		46A46FE718BE211F0057F579 /* QuartzCore.framework in Frameworks */ = {isa = PBXBuildFile; fileRef = 46A46FE618BE211F0057F579 /* QuartzCore.framework */; };
		46A46FE918BE21280057F579 /* OpenGLES.framework in Frameworks */ = {isa = PBXBuildFile; fileRef = 46A46FE818BE21280057F579 /* OpenGLES.framework */; };
		46A46FEE18BE21BB0057F579 /* mapapi.bundle in Resources */ = {isa = PBXBuildFile; fileRef = 46A46FEC18BE21BB0057F579 /* mapapi.bundle */; };
		46A4704818BE23990057F579 /* libbaidumapapi.a in Frameworks */ = {isa = PBXBuildFile; fileRef = 46A4701C18BE23990057F579 /* libbaidumapapi.a */; };
		46A4704918BE23990057F579 /* libbaidumapapi.a in Frameworks */ = {isa = PBXBuildFile; fileRef = 46A4704718BE23990057F579 /* libbaidumapapi.a */; };
		46B233B718BCDC4200CC27A3 /* LoginViewController.m in Sources */ = {isa = PBXBuildFile; fileRef = 46B233B618BCDC4200CC27A3 /* LoginViewController.m */; };
		46B233B918BCE58400CC27A3 /* Security.framework in Frameworks */ = {isa = PBXBuildFile; fileRef = 46B233B818BCE58400CC27A3 /* Security.framework */; };
		46B233BB18BCE58E00CC27A3 /* libiconv.dylib in Frameworks */ = {isa = PBXBuildFile; fileRef = 46B233BA18BCE58E00CC27A3 /* libiconv.dylib */; };
		46B233BD18BCE59600CC27A3 /* SystemConfiguration.framework in Frameworks */ = {isa = PBXBuildFile; fileRef = 46B233BC18BCE59600CC27A3 /* SystemConfiguration.framework */; };
		46B233BF18BCE5A000CC27A3 /* CoreTelephony.framework in Frameworks */ = {isa = PBXBuildFile; fileRef = 46B233BE18BCE5A000CC27A3 /* CoreTelephony.framework */; };
		46B233C118BCE5B000CC27A3 /* libsqlite3.dylib in Frameworks */ = {isa = PBXBuildFile; fileRef = 46B233C018BCE5B000CC27A3 /* libsqlite3.dylib */; };
		46B233C318BCE5BC00CC27A3 /* libstdc++.dylib in Frameworks */ = {isa = PBXBuildFile; fileRef = 46B233C218BCE5BC00CC27A3 /* libstdc++.dylib */; };
		46B233C518BCE5C000CC27A3 /* libz.dylib in Frameworks */ = {isa = PBXBuildFile; fileRef = 46B233C418BCE5C000CC27A3 /* libz.dylib */; };
		46B233EA18BCE6E000CC27A3 /* UMSocialLocalizable.strings in Resources */ = {isa = PBXBuildFile; fileRef = 46B233C718BCE6E000CC27A3 /* UMSocialLocalizable.strings */; };
		46B233EB18BCE6E000CC27A3 /* libWeChatSDK.a in Frameworks */ = {isa = PBXBuildFile; fileRef = 46B233CB18BCE6E000CC27A3 /* libWeChatSDK.a */; };
		46B233EC18BCE6E000CC27A3 /* libUMSocial_Sdk_3.3.3.a in Frameworks */ = {isa = PBXBuildFile; fileRef = 46B233DA18BCE6E000CC27A3 /* libUMSocial_Sdk_3.3.3.a */; };
		46B233ED18BCE6E000CC27A3 /* libUMSocial_Sdk_Comment_3.3.3.a in Frameworks */ = {isa = PBXBuildFile; fileRef = 46B233DB18BCE6E000CC27A3 /* libUMSocial_Sdk_Comment_3.3.3.a */; };
		46B233EE18BCE6E000CC27A3 /* UMSCommentDetailController.xib in Resources */ = {isa = PBXBuildFile; fileRef = 46B233DD18BCE6E000CC27A3 /* UMSCommentDetailController.xib */; };
		46B233EF18BCE6E000CC27A3 /* UMSCommentInputController.xib in Resources */ = {isa = PBXBuildFile; fileRef = 46B233DE18BCE6E000CC27A3 /* UMSCommentInputController.xib */; };
		46B233F018BCE6E000CC27A3 /* UMSCommentInputControlleriPad.xib in Resources */ = {isa = PBXBuildFile; fileRef = 46B233DF18BCE6E000CC27A3 /* UMSCommentInputControlleriPad.xib */; };
		46B233F118BCE6E000CC27A3 /* UMShareEditViewController.xib in Resources */ = {isa = PBXBuildFile; fileRef = 46B233E018BCE6E000CC27A3 /* UMShareEditViewController.xib */; };
		46B233F218BCE6E000CC27A3 /* UMShareEditViewControlleriPad.xib in Resources */ = {isa = PBXBuildFile; fileRef = 46B233E118BCE6E000CC27A3 /* UMShareEditViewControlleriPad.xib */; };
		46B233F318BCE6E000CC27A3 /* UMSLoginViewController.xib in Resources */ = {isa = PBXBuildFile; fileRef = 46B233E218BCE6E000CC27A3 /* UMSLoginViewController.xib */; };
		46B233F418BCE6E000CC27A3 /* UMSnsAccountViewController.xib in Resources */ = {isa = PBXBuildFile; fileRef = 46B233E318BCE6E000CC27A3 /* UMSnsAccountViewController.xib */; };
		46B233F518BCE6E000CC27A3 /* UMSShareListController.xib in Resources */ = {isa = PBXBuildFile; fileRef = 46B233E418BCE6E000CC27A3 /* UMSShareListController.xib */; };
		46B233F618BCE6E000CC27A3 /* TencentOpenAPI.framework in Frameworks */ = {isa = PBXBuildFile; fileRef = 46B233E618BCE6E000CC27A3 /* TencentOpenAPI.framework */; };
		46B233F718BCE6E000CC27A3 /* TencentOpenApi_IOS_Bundle.bundle in Resources */ = {isa = PBXBuildFile; fileRef = 46B233E718BCE6E000CC27A3 /* TencentOpenApi_IOS_Bundle.bundle */; };
		46B233F818BCE6E000CC27A3 /* UMSocialSDKResourcesNew.bundle in Resources */ = {isa = PBXBuildFile; fileRef = 46B233E818BCE6E000CC27A3 /* UMSocialSDKResourcesNew.bundle */; };
		46B25AE418BF1CAA0035F425 /* RootViewController.m in Sources */ = {isa = PBXBuildFile; fileRef = 46B25AE318BF1CAA0035F425 /* RootViewController.m */; };
		46B25AE618BF1CC60035F425 /* MapViewController.mm in Sources */ = {isa = PBXBuildFile; fileRef = 46B25AE518BF1CC60035F425 /* MapViewController.mm */; };
		46B25AED18C086D30035F425 /* WorkCell.m in Sources */ = {isa = PBXBuildFile; fileRef = 46B25AEC18C086D30035F425 /* WorkCell.m */; };
		46B25AF018C185290035F425 /* FakeDataHelper.m in Sources */ = {isa = PBXBuildFile; fileRef = 46B25AEF18C185290035F425 /* FakeDataHelper.m */; };
		46BCD24818BB85FC005C4BD6 /* line@2x.png in Resources */ = {isa = PBXBuildFile; fileRef = 46BCD24218BB85FC005C4BD6 /* line@2x.png */; };
		46BCD24918BB85FC005C4BD6 /* pick_bg@2x.png in Resources */ = {isa = PBXBuildFile; fileRef = 46BCD24318BB85FC005C4BD6 /* pick_bg@2x.png */; };
		46BCD24A18BB85FC005C4BD6 /* WelQRGeneraterViewController.m in Sources */ = {isa = PBXBuildFile; fileRef = 46BCD24518BB85FC005C4BD6 /* WelQRGeneraterViewController.m */; };
		46BCD24B18BB85FC005C4BD6 /* WelQRReaderViewController.m in Sources */ = {isa = PBXBuildFile; fileRef = 46BCD24718BB85FC005C4BD6 /* WelQRReaderViewController.m */; };
		46BCD24D18BB927F005C4BD6 /* flush.caf in Resources */ = {isa = PBXBuildFile; fileRef = 46BCD24C18BB91F5005C4BD6 /* flush.caf */; };
		46BCD25218BC3B4F005C4BD6 /* SVProgressHUD.bundle in Resources */ = {isa = PBXBuildFile; fileRef = 46BCD24F18BC3B4F005C4BD6 /* SVProgressHUD.bundle */; };
		46BCD25318BC3B4F005C4BD6 /* SVProgressHUD.m in Sources */ = {isa = PBXBuildFile; fileRef = 46BCD25118BC3B4F005C4BD6 /* SVProgressHUD.m */; settings = {COMPILER_FLAGS = "-w"; }; };
		46BCD25718BC628E005C4BD6 /* ChatSessionListViewController.m in Sources */ = {isa = PBXBuildFile; fileRef = 46BCD25618BC628E005C4BD6 /* ChatSessionListViewController.m */; };
		46BCD25B18BC7162005C4BD6 /* WorksViewController.m in Sources */ = {isa = PBXBuildFile; fileRef = 46BCD25A18BC7162005C4BD6 /* WorksViewController.m */; };
		46BCD25F18BC725D005C4BD6 /* GroupsViewController.m in Sources */ = {isa = PBXBuildFile; fileRef = 46BCD25E18BC725D005C4BD6 /* GroupsViewController.m */; };
		46BCD26318BC7561005C4BD6 /* CityListViewController.m in Sources */ = {isa = PBXBuildFile; fileRef = 46BCD26218BC7561005C4BD6 /* CityListViewController.m */; };
		46BCD26618BC796B005C4BD6 /* WorkDetailViewController.m in Sources */ = {isa = PBXBuildFile; fileRef = 46BCD26518BC796B005C4BD6 /* WorkDetailViewController.m */; };
		46BCD26918BC797B005C4BD6 /* GroupDetailViewController.m in Sources */ = {isa = PBXBuildFile; fileRef = 46BCD26818BC797B005C4BD6 /* GroupDetailViewController.m */; };
		46BCD27318BC79E0005C4BD6 /* StaffsViewController.m in Sources */ = {isa = PBXBuildFile; fileRef = 46BCD27218BC79E0005C4BD6 /* StaffsViewController.m */; };
		46BCD27618BC79EB005C4BD6 /* StaffDetailViewController.m in Sources */ = {isa = PBXBuildFile; fileRef = 46BCD27518BC79EB005C4BD6 /* StaffDetailViewController.m */; };
		46E84EBF18C2C7040004C146 /* centerIcon@2x.png in Resources */ = {isa = PBXBuildFile; fileRef = 46E84EBA18C2C7040004C146 /* centerIcon@2x.png */; };
		46E84EC018C2C7040004C146 /* UIScrollView+UzysCircularProgressPullToRefresh.m in Sources */ = {isa = PBXBuildFile; fileRef = 46E84EBC18C2C7040004C146 /* UIScrollView+UzysCircularProgressPullToRefresh.m */; };
		46E84EC118C2C7040004C146 /* UzysRadialProgressActivityIndicator.m in Sources */ = {isa = PBXBuildFile; fileRef = 46E84EBE18C2C7040004C146 /* UzysRadialProgressActivityIndicator.m */; };
		46E84EC418C2D7330004C146 /* SelectionPanel.m in Sources */ = {isa = PBXBuildFile; fileRef = 46E84EC318C2D7330004C146 /* SelectionPanel.m */; };
		46E84EC718C2D7F80004C146 /* SelectOpitions.m in Sources */ = {isa = PBXBuildFile; fileRef = 46E84EC618C2D7F80004C146 /* SelectOpitions.m */; };
		46E84ECA18C2D9050004C146 /* ProductDetailViewController.m in Sources */ = {isa = PBXBuildFile; fileRef = 46E84EC918C2D9050004C146 /* ProductDetailViewController.m */; };
		46E84ECE18C2DB930004C146 /* UIViewController+KNSemiModal.m in Sources */ = {isa = PBXBuildFile; fileRef = 46E84ECD18C2DB930004C146 /* UIViewController+KNSemiModal.m */; };
		46E84ED118C2E1550004C146 /* UINavigationBar+WelKit.m in Sources */ = {isa = PBXBuildFile; fileRef = 46E84ED018C2E1550004C146 /* UINavigationBar+WelKit.m */; };
		46E84ED418C2E1CC0004C146 /* UIImage+WelKit.m in Sources */ = {isa = PBXBuildFile; fileRef = 46E84ED318C2E1CC0004C146 /* UIImage+WelKit.m */; };
		8D253C7C0D2C41EC8279DF3F /* libPods.a in Frameworks */ = {isa = PBXBuildFile; fileRef = 0DEE8FDE44A64A6986F93371 /* libPods.a */; };
/* End PBXBuildFile section */

/* Begin PBXFileReference section */
		0DEE8FDE44A64A6986F93371 /* libPods.a */ = {isa = PBXFileReference; explicitFileType = archive.ar; includeInIndex = 0; path = libPods.a; sourceTree = BUILT_PRODUCTS_DIR; };
		18A9125F18BB216E006B9A04 /* WelHair.app */ = {isa = PBXFileReference; explicitFileType = wrapper.application; includeInIndex = 0; path = WelHair.app; sourceTree = BUILT_PRODUCTS_DIR; };
		18A9126218BB216E006B9A04 /* Foundation.framework */ = {isa = PBXFileReference; lastKnownFileType = wrapper.framework; name = Foundation.framework; path = System/Library/Frameworks/Foundation.framework; sourceTree = SDKROOT; };
		18A9126418BB216E006B9A04 /* CoreGraphics.framework */ = {isa = PBXFileReference; lastKnownFileType = wrapper.framework; name = CoreGraphics.framework; path = System/Library/Frameworks/CoreGraphics.framework; sourceTree = SDKROOT; };
		18A9126618BB216E006B9A04 /* UIKit.framework */ = {isa = PBXFileReference; lastKnownFileType = wrapper.framework; name = UIKit.framework; path = System/Library/Frameworks/UIKit.framework; sourceTree = SDKROOT; };
		18A9126A18BB216E006B9A04 /* Info.plist */ = {isa = PBXFileReference; lastKnownFileType = text.plist.xml; path = Info.plist; sourceTree = "<group>"; };
		18A9126E18BB216E006B9A04 /* main.m */ = {isa = PBXFileReference; lastKnownFileType = sourcecode.c.objc; path = main.m; sourceTree = "<group>"; };
		18A9127018BB216E006B9A04 /* Prefix.pch */ = {isa = PBXFileReference; lastKnownFileType = sourcecode.c.h; path = Prefix.pch; sourceTree = "<group>"; };
		18A9127118BB216E006B9A04 /* AppDelegate.h */ = {isa = PBXFileReference; lastKnownFileType = sourcecode.c.h; path = AppDelegate.h; sourceTree = "<group>"; };
		18A9127218BB216E006B9A04 /* AppDelegate.m */ = {isa = PBXFileReference; lastKnownFileType = sourcecode.c.objc; path = AppDelegate.m; sourceTree = "<group>"; };
		18A9127B18BB216E006B9A04 /* XCTest.framework */ = {isa = PBXFileReference; lastKnownFileType = wrapper.framework; name = XCTest.framework; path = Library/Frameworks/XCTest.framework; sourceTree = DEVELOPER_DIR; };
		18A9129418BB2350006B9A04 /* Base.xcconfig */ = {isa = PBXFileReference; fileEncoding = 4; lastKnownFileType = text.xcconfig; path = Base.xcconfig; sourceTree = "<group>"; };
		18A9129518BB2350006B9A04 /* Debug.xcconfig */ = {isa = PBXFileReference; fileEncoding = 4; lastKnownFileType = text.xcconfig; path = Debug.xcconfig; sourceTree = "<group>"; };
		18A9129618BB2350006B9A04 /* Release.xcconfig */ = {isa = PBXFileReference; fileEncoding = 4; lastKnownFileType = text.xcconfig; path = Release.xcconfig; sourceTree = "<group>"; };
		18A9129718BB2350006B9A04 /* Test.xcconfig */ = {isa = PBXFileReference; fileEncoding = 4; lastKnownFileType = text.xcconfig; path = Test.xcconfig; sourceTree = "<group>"; };
		18A9129918BB2350006B9A04 /* AppImport.h */ = {isa = PBXFileReference; fileEncoding = 4; lastKnownFileType = sourcecode.c.h; path = AppImport.h; sourceTree = "<group>"; };
		18A9129A18BB2350006B9A04 /* Constants.h */ = {isa = PBXFileReference; fileEncoding = 4; lastKnownFileType = sourcecode.c.h; path = Constants.h; sourceTree = "<group>"; };
		18A912A618BB249A006B9A04 /* en */ = {isa = PBXFileReference; lastKnownFileType = text.plist.strings; name = en; path = en.lproj/InfoPlist.strings; sourceTree = "<group>"; };
		18A912A918BB249E006B9A04 /* en */ = {isa = PBXFileReference; lastKnownFileType = text.plist.strings; name = en; path = en.lproj/Localizable.strings; sourceTree = "<group>"; };
		18A912AB18BB24B1006B9A04 /* zh-Hans */ = {isa = PBXFileReference; lastKnownFileType = text.plist.strings; name = "zh-Hans"; path = "zh-Hans.lproj/InfoPlist.strings"; sourceTree = "<group>"; };
		18A912AC18BB24B1006B9A04 /* zh-Hans */ = {isa = PBXFileReference; lastKnownFileType = text.plist.strings; name = "zh-Hans"; path = "zh-Hans.lproj/Localizable.strings"; sourceTree = "<group>"; };
		18A912AD18BB2552006B9A04 /* Images.xcassets */ = {isa = PBXFileReference; lastKnownFileType = folder.assetcatalog; path = Images.xcassets; sourceTree = "<group>"; };
		18A912B118BB25AA006B9A04 /* Icon-40.png */ = {isa = PBXFileReference; lastKnownFileType = image.png; name = "Icon-40.png"; path = "Images.xcassets/AppIcon.appiconset/Icon-40.png"; sourceTree = "<group>"; };
		18A912B218BB25AA006B9A04 /* Icon-40@2x.png */ = {isa = PBXFileReference; lastKnownFileType = image.png; name = "Icon-40@2x.png"; path = "Images.xcassets/AppIcon.appiconset/Icon-40@2x.png"; sourceTree = "<group>"; };
		18A912B318BB25AA006B9A04 /* Icon-60@2x.png */ = {isa = PBXFileReference; lastKnownFileType = image.png; name = "Icon-60@2x.png"; path = "Images.xcassets/AppIcon.appiconset/Icon-60@2x.png"; sourceTree = "<group>"; };
		18A912B418BB25AA006B9A04 /* Icon-72.png */ = {isa = PBXFileReference; lastKnownFileType = image.png; name = "Icon-72.png"; path = "Images.xcassets/AppIcon.appiconset/Icon-72.png"; sourceTree = "<group>"; };
		18A912B518BB25AA006B9A04 /* Icon-72@2x.png */ = {isa = PBXFileReference; lastKnownFileType = image.png; name = "Icon-72@2x.png"; path = "Images.xcassets/AppIcon.appiconset/Icon-72@2x.png"; sourceTree = "<group>"; };
		18A912B618BB25AA006B9A04 /* Icon-76.png */ = {isa = PBXFileReference; lastKnownFileType = image.png; name = "Icon-76.png"; path = "Images.xcassets/AppIcon.appiconset/Icon-76.png"; sourceTree = "<group>"; };
		18A912B718BB25AA006B9A04 /* Icon-76@2x.png */ = {isa = PBXFileReference; lastKnownFileType = image.png; name = "Icon-76@2x.png"; path = "Images.xcassets/AppIcon.appiconset/Icon-76@2x.png"; sourceTree = "<group>"; };
		18A912B818BB25AA006B9A04 /* Icon-Small-50.png */ = {isa = PBXFileReference; lastKnownFileType = image.png; name = "Icon-Small-50.png"; path = "Images.xcassets/AppIcon.appiconset/Icon-Small-50.png"; sourceTree = "<group>"; };
		18A912B918BB25AA006B9A04 /* Icon-Small-50@2x.png */ = {isa = PBXFileReference; lastKnownFileType = image.png; name = "Icon-Small-50@2x.png"; path = "Images.xcassets/AppIcon.appiconset/Icon-Small-50@2x.png"; sourceTree = "<group>"; };
		18A912BA18BB25AA006B9A04 /* Icon-Small.png */ = {isa = PBXFileReference; lastKnownFileType = image.png; name = "Icon-Small.png"; path = "Images.xcassets/AppIcon.appiconset/Icon-Small.png"; sourceTree = "<group>"; };
		18A912BB18BB25AA006B9A04 /* Icon-Small@2x.png */ = {isa = PBXFileReference; lastKnownFileType = image.png; name = "Icon-Small@2x.png"; path = "Images.xcassets/AppIcon.appiconset/Icon-Small@2x.png"; sourceTree = "<group>"; };
		18A912BC18BB25AA006B9A04 /* Icon.png */ = {isa = PBXFileReference; lastKnownFileType = image.png; name = Icon.png; path = Images.xcassets/AppIcon.appiconset/Icon.png; sourceTree = "<group>"; };
		18A912BD18BB25AA006B9A04 /* Icon@2x.png */ = {isa = PBXFileReference; lastKnownFileType = image.png; name = "Icon@2x.png"; path = "Images.xcassets/AppIcon.appiconset/Icon@2x.png"; sourceTree = "<group>"; };
		18A912CB18BB2670006B9A04 /* Default-568h@2x.png */ = {isa = PBXFileReference; lastKnownFileType = image.png; name = "Default-568h@2x.png"; path = "Images.xcassets/LaunchImage.launchimage/Default-568h@2x.png"; sourceTree = "<group>"; };
		18A912CC18BB2670006B9A04 /* Default-Landscape@2x~ipad.png */ = {isa = PBXFileReference; lastKnownFileType = image.png; name = "Default-Landscape@2x~ipad.png"; path = "Images.xcassets/LaunchImage.launchimage/Default-Landscape@2x~ipad.png"; sourceTree = "<group>"; };
		18A912CD18BB2670006B9A04 /* Default-Landscape~ipad.png */ = {isa = PBXFileReference; lastKnownFileType = image.png; name = "Default-Landscape~ipad.png"; path = "Images.xcassets/LaunchImage.launchimage/Default-Landscape~ipad.png"; sourceTree = "<group>"; };
		18A912CE18BB2670006B9A04 /* Default-Portrait@2x~ipad.png */ = {isa = PBXFileReference; lastKnownFileType = image.png; name = "Default-Portrait@2x~ipad.png"; path = "Images.xcassets/LaunchImage.launchimage/Default-Portrait@2x~ipad.png"; sourceTree = "<group>"; };
		18A912CF18BB2670006B9A04 /* Default-Portrait~ipad.png */ = {isa = PBXFileReference; lastKnownFileType = image.png; name = "Default-Portrait~ipad.png"; path = "Images.xcassets/LaunchImage.launchimage/Default-Portrait~ipad.png"; sourceTree = "<group>"; };
		18A912D018BB2670006B9A04 /* Default.png */ = {isa = PBXFileReference; lastKnownFileType = image.png; name = Default.png; path = Images.xcassets/LaunchImage.launchimage/Default.png; sourceTree = "<group>"; };
		18A912D118BB2670006B9A04 /* Default@2x.png */ = {isa = PBXFileReference; lastKnownFileType = image.png; name = "Default@2x.png"; path = "Images.xcassets/LaunchImage.launchimage/Default@2x.png"; sourceTree = "<group>"; };
		18A912DB18BB26B6006B9A04 /* BaseViewController.h */ = {isa = PBXFileReference; fileEncoding = 4; lastKnownFileType = sourcecode.c.h; path = BaseViewController.h; sourceTree = "<group>"; };
		18A912DC18BB26B6006B9A04 /* BaseViewController.m */ = {isa = PBXFileReference; fileEncoding = 4; lastKnownFileType = sourcecode.c.objc; path = BaseViewController.m; sourceTree = "<group>"; };
		18A912DD18BB26B6006B9A04 /* RootViewController.h */ = {isa = PBXFileReference; fileEncoding = 4; lastKnownFileType = sourcecode.c.h; path = RootViewController.h; sourceTree = "<group>"; };
		18A912E018BB26B6006B9A04 /* User.h */ = {isa = PBXFileReference; fileEncoding = 4; lastKnownFileType = sourcecode.c.h; path = User.h; sourceTree = "<group>"; };
		18A912E118BB26B6006B9A04 /* User.m */ = {isa = PBXFileReference; fileEncoding = 4; lastKnownFileType = sourcecode.c.objc; path = User.m; sourceTree = "<group>"; };
		18A912E818BB2826006B9A04 /* UIView+WelKit.h */ = {isa = PBXFileReference; fileEncoding = 4; lastKnownFileType = sourcecode.c.h; path = "UIView+WelKit.h"; sourceTree = "<group>"; };
		18A912E918BB2826006B9A04 /* UIView+WelKit.m */ = {isa = PBXFileReference; fileEncoding = 4; lastKnownFileType = sourcecode.c.objc; path = "UIView+WelKit.m"; sourceTree = "<group>"; };
		18A912EA18BB2826006B9A04 /* WelKit.h */ = {isa = PBXFileReference; fileEncoding = 4; lastKnownFileType = sourcecode.c.h; path = WelKit.h; sourceTree = "<group>"; };
		18A912EB18BB2826006B9A04 /* WelKitMacros.h */ = {isa = PBXFileReference; fileEncoding = 4; lastKnownFileType = sourcecode.c.h; path = WelKitMacros.h; sourceTree = "<group>"; };
		4660E68E18BB73E1005B3C7D /* ProductsViewController.h */ = {isa = PBXFileReference; fileEncoding = 4; lastKnownFileType = sourcecode.c.h; path = ProductsViewController.h; sourceTree = "<group>"; };
		4660E68F18BB73E1005B3C7D /* ProductsViewController.m */ = {isa = PBXFileReference; fileEncoding = 4; lastKnownFileType = sourcecode.c.objc; path = ProductsViewController.m; sourceTree = "<group>"; };
		4660E69418BB73FF005B3C7D /* UserViewController.h */ = {isa = PBXFileReference; fileEncoding = 4; lastKnownFileType = sourcecode.c.h; path = UserViewController.h; sourceTree = "<group>"; };
		4660E69518BB73FF005B3C7D /* UserViewController.m */ = {isa = PBXFileReference; fileEncoding = 4; lastKnownFileType = sourcecode.c.objc; path = UserViewController.m; sourceTree = "<group>"; };
		4660E6AA18BB7666005B3C7D /* CoreText.framework */ = {isa = PBXFileReference; lastKnownFileType = wrapper.framework; name = CoreText.framework; path = System/Library/Frameworks/CoreText.framework; sourceTree = SDKROOT; };
		4665FD7A18BC7D4700E88C6B /* CommentsViewController.h */ = {isa = PBXFileReference; fileEncoding = 4; lastKnownFileType = sourcecode.c.h; path = CommentsViewController.h; sourceTree = "<group>"; };
		4665FD7B18BC7D4700E88C6B /* CommentsViewController.m */ = {isa = PBXFileReference; fileEncoding = 4; lastKnownFileType = sourcecode.c.objc; path = CommentsViewController.m; sourceTree = "<group>"; };
		4665FD8318BC801000E88C6B /* Work.h */ = {isa = PBXFileReference; fileEncoding = 4; lastKnownFileType = sourcecode.c.h; path = Work.h; sourceTree = "<group>"; };
		4665FD8418BC801000E88C6B /* Work.m */ = {isa = PBXFileReference; fileEncoding = 4; lastKnownFileType = sourcecode.c.objc; path = Work.m; sourceTree = "<group>"; };
		46A46FE418BE21160057F579 /* CoreLocation.framework */ = {isa = PBXFileReference; lastKnownFileType = wrapper.framework; name = CoreLocation.framework; path = System/Library/Frameworks/CoreLocation.framework; sourceTree = SDKROOT; };
		46A46FE618BE211F0057F579 /* QuartzCore.framework */ = {isa = PBXFileReference; lastKnownFileType = wrapper.framework; name = QuartzCore.framework; path = System/Library/Frameworks/QuartzCore.framework; sourceTree = SDKROOT; };
		46A46FE818BE21280057F579 /* OpenGLES.framework */ = {isa = PBXFileReference; lastKnownFileType = wrapper.framework; name = OpenGLES.framework; path = System/Library/Frameworks/OpenGLES.framework; sourceTree = SDKROOT; };
		46A46FEC18BE21BB0057F579 /* mapapi.bundle */ = {isa = PBXFileReference; lastKnownFileType = "wrapper.plug-in"; path = mapapi.bundle; sourceTree = "<group>"; };
		46A46FF418BE23990057F579 /* BMapKit.h */ = {isa = PBXFileReference; fileEncoding = 4; lastKnownFileType = sourcecode.c.h; path = BMapKit.h; sourceTree = "<group>"; };
		46A46FF518BE23990057F579 /* BMKActionPaopaoView.h */ = {isa = PBXFileReference; fileEncoding = 4; lastKnownFileType = sourcecode.c.h; path = BMKActionPaopaoView.h; sourceTree = "<group>"; };
		46A46FF618BE23990057F579 /* BMKAnnotation.h */ = {isa = PBXFileReference; fileEncoding = 4; lastKnownFileType = sourcecode.c.h; path = BMKAnnotation.h; sourceTree = "<group>"; };
		46A46FF718BE23990057F579 /* BMKAnnotationView.h */ = {isa = PBXFileReference; fileEncoding = 4; lastKnownFileType = sourcecode.c.h; path = BMKAnnotationView.h; sourceTree = "<group>"; };
		46A46FF818BE23990057F579 /* BMKArcline.h */ = {isa = PBXFileReference; fileEncoding = 4; lastKnownFileType = sourcecode.c.h; path = BMKArcline.h; sourceTree = "<group>"; };
		46A46FF918BE23990057F579 /* BMKArclineView.h */ = {isa = PBXFileReference; fileEncoding = 4; lastKnownFileType = sourcecode.c.h; path = BMKArclineView.h; sourceTree = "<group>"; };
		46A46FFA18BE23990057F579 /* BMKCircle.h */ = {isa = PBXFileReference; fileEncoding = 4; lastKnownFileType = sourcecode.c.h; path = BMKCircle.h; sourceTree = "<group>"; };
		46A46FFB18BE23990057F579 /* BMKCircleView.h */ = {isa = PBXFileReference; fileEncoding = 4; lastKnownFileType = sourcecode.c.h; path = BMKCircleView.h; sourceTree = "<group>"; };
		46A46FFC18BE23990057F579 /* BMKCloudPOIList.h */ = {isa = PBXFileReference; fileEncoding = 4; lastKnownFileType = sourcecode.c.h; path = BMKCloudPOIList.h; sourceTree = "<group>"; };
		46A46FFD18BE23990057F579 /* BMKCloudSearch.h */ = {isa = PBXFileReference; fileEncoding = 4; lastKnownFileType = sourcecode.c.h; path = BMKCloudSearch.h; sourceTree = "<group>"; };
		46A46FFE18BE23990057F579 /* BMKCloudSearchInfo.h */ = {isa = PBXFileReference; fileEncoding = 4; lastKnownFileType = sourcecode.c.h; path = BMKCloudSearchInfo.h; sourceTree = "<group>"; };
		46A46FFF18BE23990057F579 /* BMKGeneralDelegate.h */ = {isa = PBXFileReference; fileEncoding = 4; lastKnownFileType = sourcecode.c.h; path = BMKGeneralDelegate.h; sourceTree = "<group>"; };
		46A4700018BE23990057F579 /* BMKGeocodeType.h */ = {isa = PBXFileReference; fileEncoding = 4; lastKnownFileType = sourcecode.c.h; path = BMKGeocodeType.h; sourceTree = "<group>"; };
		46A4700118BE23990057F579 /* BMKGeometry.h */ = {isa = PBXFileReference; fileEncoding = 4; lastKnownFileType = sourcecode.c.h; path = BMKGeometry.h; sourceTree = "<group>"; };
		46A4700218BE23990057F579 /* BMKGroundOverlay.h */ = {isa = PBXFileReference; fileEncoding = 4; lastKnownFileType = sourcecode.c.h; path = BMKGroundOverlay.h; sourceTree = "<group>"; };
		46A4700318BE23990057F579 /* BMKGroundOverlayView.h */ = {isa = PBXFileReference; fileEncoding = 4; lastKnownFileType = sourcecode.c.h; path = BMKGroundOverlayView.h; sourceTree = "<group>"; };
		46A4700418BE23990057F579 /* BMKLocationViewDisplayParam.h */ = {isa = PBXFileReference; fileEncoding = 4; lastKnownFileType = sourcecode.c.h; path = BMKLocationViewDisplayParam.h; sourceTree = "<group>"; };
		46A4700518BE23990057F579 /* BMKMapManager.h */ = {isa = PBXFileReference; fileEncoding = 4; lastKnownFileType = sourcecode.c.h; path = BMKMapManager.h; sourceTree = "<group>"; };
		46A4700618BE23990057F579 /* BMKMapStatus.h */ = {isa = PBXFileReference; fileEncoding = 4; lastKnownFileType = sourcecode.c.h; path = BMKMapStatus.h; sourceTree = "<group>"; };
		46A4700718BE23990057F579 /* BMKMapView.h */ = {isa = PBXFileReference; fileEncoding = 4; lastKnownFileType = sourcecode.c.h; path = BMKMapView.h; sourceTree = "<group>"; };
		46A4700818BE23990057F579 /* BMKMultiPoint.h */ = {isa = PBXFileReference; fileEncoding = 4; lastKnownFileType = sourcecode.c.h; path = BMKMultiPoint.h; sourceTree = "<group>"; };
		46A4700918BE23990057F579 /* BMKNavigation.h */ = {isa = PBXFileReference; fileEncoding = 4; lastKnownFileType = sourcecode.c.h; path = BMKNavigation.h; sourceTree = "<group>"; };
		46A4700A18BE23990057F579 /* BMKOfflineMap.h */ = {isa = PBXFileReference; fileEncoding = 4; lastKnownFileType = sourcecode.c.h; path = BMKOfflineMap.h; sourceTree = "<group>"; };
		46A4700B18BE23990057F579 /* BMKOfflineMapType.h */ = {isa = PBXFileReference; fileEncoding = 4; lastKnownFileType = sourcecode.c.h; path = BMKOfflineMapType.h; sourceTree = "<group>"; };
		46A4700C18BE23990057F579 /* BMKOverlay.h */ = {isa = PBXFileReference; fileEncoding = 4; lastKnownFileType = sourcecode.c.h; path = BMKOverlay.h; sourceTree = "<group>"; };
		46A4700D18BE23990057F579 /* BMKOverlayPathView.h */ = {isa = PBXFileReference; fileEncoding = 4; lastKnownFileType = sourcecode.c.h; path = BMKOverlayPathView.h; sourceTree = "<group>"; };
		46A4700E18BE23990057F579 /* BMKOverlayView.h */ = {isa = PBXFileReference; fileEncoding = 4; lastKnownFileType = sourcecode.c.h; path = BMKOverlayView.h; sourceTree = "<group>"; };
		46A4700F18BE23990057F579 /* BMKPinAnnotationView.h */ = {isa = PBXFileReference; fileEncoding = 4; lastKnownFileType = sourcecode.c.h; path = BMKPinAnnotationView.h; sourceTree = "<group>"; };
		46A4701018BE23990057F579 /* BMKPointAnnotation.h */ = {isa = PBXFileReference; fileEncoding = 4; lastKnownFileType = sourcecode.c.h; path = BMKPointAnnotation.h; sourceTree = "<group>"; };
		46A4701118BE23990057F579 /* BMKPoiSearchType.h */ = {isa = PBXFileReference; fileEncoding = 4; lastKnownFileType = sourcecode.c.h; path = BMKPoiSearchType.h; sourceTree = "<group>"; };
		46A4701218BE23990057F579 /* BMKPolygon.h */ = {isa = PBXFileReference; fileEncoding = 4; lastKnownFileType = sourcecode.c.h; path = BMKPolygon.h; sourceTree = "<group>"; };
		46A4701318BE23990057F579 /* BMKPolygonView.h */ = {isa = PBXFileReference; fileEncoding = 4; lastKnownFileType = sourcecode.c.h; path = BMKPolygonView.h; sourceTree = "<group>"; };
		46A4701418BE23990057F579 /* BMKPolyline.h */ = {isa = PBXFileReference; fileEncoding = 4; lastKnownFileType = sourcecode.c.h; path = BMKPolyline.h; sourceTree = "<group>"; };
		46A4701518BE23990057F579 /* BMKPolylineView.h */ = {isa = PBXFileReference; fileEncoding = 4; lastKnownFileType = sourcecode.c.h; path = BMKPolylineView.h; sourceTree = "<group>"; };
		46A4701618BE23990057F579 /* BMKRouteSearchType.h */ = {isa = PBXFileReference; fileEncoding = 4; lastKnownFileType = sourcecode.c.h; path = BMKRouteSearchType.h; sourceTree = "<group>"; };
		46A4701718BE23990057F579 /* BMKSearch.h */ = {isa = PBXFileReference; fileEncoding = 4; lastKnownFileType = sourcecode.c.h; path = BMKSearch.h; sourceTree = "<group>"; };
		46A4701818BE23990057F579 /* BMKShape.h */ = {isa = PBXFileReference; fileEncoding = 4; lastKnownFileType = sourcecode.c.h; path = BMKShape.h; sourceTree = "<group>"; };
		46A4701918BE23990057F579 /* BMKTypes.h */ = {isa = PBXFileReference; fileEncoding = 4; lastKnownFileType = sourcecode.c.h; path = BMKTypes.h; sourceTree = "<group>"; };
		46A4701A18BE23990057F579 /* BMKUserLocation.h */ = {isa = PBXFileReference; fileEncoding = 4; lastKnownFileType = sourcecode.c.h; path = BMKUserLocation.h; sourceTree = "<group>"; };
		46A4701B18BE23990057F579 /* BMKVersion.h */ = {isa = PBXFileReference; fileEncoding = 4; lastKnownFileType = sourcecode.c.h; path = BMKVersion.h; sourceTree = "<group>"; };
		46A4701C18BE23990057F579 /* libbaidumapapi.a */ = {isa = PBXFileReference; lastKnownFileType = archive.ar; path = libbaidumapapi.a; sourceTree = "<group>"; };
		46A4701F18BE23990057F579 /* BMapKit.h */ = {isa = PBXFileReference; fileEncoding = 4; lastKnownFileType = sourcecode.c.h; path = BMapKit.h; sourceTree = "<group>"; };
		46A4702018BE23990057F579 /* BMKActionPaopaoView.h */ = {isa = PBXFileReference; fileEncoding = 4; lastKnownFileType = sourcecode.c.h; path = BMKActionPaopaoView.h; sourceTree = "<group>"; };
		46A4702118BE23990057F579 /* BMKAnnotation.h */ = {isa = PBXFileReference; fileEncoding = 4; lastKnownFileType = sourcecode.c.h; path = BMKAnnotation.h; sourceTree = "<group>"; };
		46A4702218BE23990057F579 /* BMKAnnotationView.h */ = {isa = PBXFileReference; fileEncoding = 4; lastKnownFileType = sourcecode.c.h; path = BMKAnnotationView.h; sourceTree = "<group>"; };
		46A4702318BE23990057F579 /* BMKArcline.h */ = {isa = PBXFileReference; fileEncoding = 4; lastKnownFileType = sourcecode.c.h; path = BMKArcline.h; sourceTree = "<group>"; };
		46A4702418BE23990057F579 /* BMKArclineView.h */ = {isa = PBXFileReference; fileEncoding = 4; lastKnownFileType = sourcecode.c.h; path = BMKArclineView.h; sourceTree = "<group>"; };
		46A4702518BE23990057F579 /* BMKCircle.h */ = {isa = PBXFileReference; fileEncoding = 4; lastKnownFileType = sourcecode.c.h; path = BMKCircle.h; sourceTree = "<group>"; };
		46A4702618BE23990057F579 /* BMKCircleView.h */ = {isa = PBXFileReference; fileEncoding = 4; lastKnownFileType = sourcecode.c.h; path = BMKCircleView.h; sourceTree = "<group>"; };
		46A4702718BE23990057F579 /* BMKCloudPOIList.h */ = {isa = PBXFileReference; fileEncoding = 4; lastKnownFileType = sourcecode.c.h; path = BMKCloudPOIList.h; sourceTree = "<group>"; };
		46A4702818BE23990057F579 /* BMKCloudSearch.h */ = {isa = PBXFileReference; fileEncoding = 4; lastKnownFileType = sourcecode.c.h; path = BMKCloudSearch.h; sourceTree = "<group>"; };
		46A4702918BE23990057F579 /* BMKCloudSearchInfo.h */ = {isa = PBXFileReference; fileEncoding = 4; lastKnownFileType = sourcecode.c.h; path = BMKCloudSearchInfo.h; sourceTree = "<group>"; };
		46A4702A18BE23990057F579 /* BMKGeneralDelegate.h */ = {isa = PBXFileReference; fileEncoding = 4; lastKnownFileType = sourcecode.c.h; path = BMKGeneralDelegate.h; sourceTree = "<group>"; };
		46A4702B18BE23990057F579 /* BMKGeocodeType.h */ = {isa = PBXFileReference; fileEncoding = 4; lastKnownFileType = sourcecode.c.h; path = BMKGeocodeType.h; sourceTree = "<group>"; };
		46A4702C18BE23990057F579 /* BMKGeometry.h */ = {isa = PBXFileReference; fileEncoding = 4; lastKnownFileType = sourcecode.c.h; path = BMKGeometry.h; sourceTree = "<group>"; };
		46A4702D18BE23990057F579 /* BMKGroundOverlay.h */ = {isa = PBXFileReference; fileEncoding = 4; lastKnownFileType = sourcecode.c.h; path = BMKGroundOverlay.h; sourceTree = "<group>"; };
		46A4702E18BE23990057F579 /* BMKGroundOverlayView.h */ = {isa = PBXFileReference; fileEncoding = 4; lastKnownFileType = sourcecode.c.h; path = BMKGroundOverlayView.h; sourceTree = "<group>"; };
		46A4702F18BE23990057F579 /* BMKLocationViewDisplayParam.h */ = {isa = PBXFileReference; fileEncoding = 4; lastKnownFileType = sourcecode.c.h; path = BMKLocationViewDisplayParam.h; sourceTree = "<group>"; };
		46A4703018BE23990057F579 /* BMKMapManager.h */ = {isa = PBXFileReference; fileEncoding = 4; lastKnownFileType = sourcecode.c.h; path = BMKMapManager.h; sourceTree = "<group>"; };
		46A4703118BE23990057F579 /* BMKMapStatus.h */ = {isa = PBXFileReference; fileEncoding = 4; lastKnownFileType = sourcecode.c.h; path = BMKMapStatus.h; sourceTree = "<group>"; };
		46A4703218BE23990057F579 /* BMKMapView.h */ = {isa = PBXFileReference; fileEncoding = 4; lastKnownFileType = sourcecode.c.h; path = BMKMapView.h; sourceTree = "<group>"; };
		46A4703318BE23990057F579 /* BMKMultiPoint.h */ = {isa = PBXFileReference; fileEncoding = 4; lastKnownFileType = sourcecode.c.h; path = BMKMultiPoint.h; sourceTree = "<group>"; };
		46A4703418BE23990057F579 /* BMKNavigation.h */ = {isa = PBXFileReference; fileEncoding = 4; lastKnownFileType = sourcecode.c.h; path = BMKNavigation.h; sourceTree = "<group>"; };
		46A4703518BE23990057F579 /* BMKOfflineMap.h */ = {isa = PBXFileReference; fileEncoding = 4; lastKnownFileType = sourcecode.c.h; path = BMKOfflineMap.h; sourceTree = "<group>"; };
		46A4703618BE23990057F579 /* BMKOfflineMapType.h */ = {isa = PBXFileReference; fileEncoding = 4; lastKnownFileType = sourcecode.c.h; path = BMKOfflineMapType.h; sourceTree = "<group>"; };
		46A4703718BE23990057F579 /* BMKOverlay.h */ = {isa = PBXFileReference; fileEncoding = 4; lastKnownFileType = sourcecode.c.h; path = BMKOverlay.h; sourceTree = "<group>"; };
		46A4703818BE23990057F579 /* BMKOverlayPathView.h */ = {isa = PBXFileReference; fileEncoding = 4; lastKnownFileType = sourcecode.c.h; path = BMKOverlayPathView.h; sourceTree = "<group>"; };
		46A4703918BE23990057F579 /* BMKOverlayView.h */ = {isa = PBXFileReference; fileEncoding = 4; lastKnownFileType = sourcecode.c.h; path = BMKOverlayView.h; sourceTree = "<group>"; };
		46A4703A18BE23990057F579 /* BMKPinAnnotationView.h */ = {isa = PBXFileReference; fileEncoding = 4; lastKnownFileType = sourcecode.c.h; path = BMKPinAnnotationView.h; sourceTree = "<group>"; };
		46A4703B18BE23990057F579 /* BMKPointAnnotation.h */ = {isa = PBXFileReference; fileEncoding = 4; lastKnownFileType = sourcecode.c.h; path = BMKPointAnnotation.h; sourceTree = "<group>"; };
		46A4703C18BE23990057F579 /* BMKPoiSearchType.h */ = {isa = PBXFileReference; fileEncoding = 4; lastKnownFileType = sourcecode.c.h; path = BMKPoiSearchType.h; sourceTree = "<group>"; };
		46A4703D18BE23990057F579 /* BMKPolygon.h */ = {isa = PBXFileReference; fileEncoding = 4; lastKnownFileType = sourcecode.c.h; path = BMKPolygon.h; sourceTree = "<group>"; };
		46A4703E18BE23990057F579 /* BMKPolygonView.h */ = {isa = PBXFileReference; fileEncoding = 4; lastKnownFileType = sourcecode.c.h; path = BMKPolygonView.h; sourceTree = "<group>"; };
		46A4703F18BE23990057F579 /* BMKPolyline.h */ = {isa = PBXFileReference; fileEncoding = 4; lastKnownFileType = sourcecode.c.h; path = BMKPolyline.h; sourceTree = "<group>"; };
		46A4704018BE23990057F579 /* BMKPolylineView.h */ = {isa = PBXFileReference; fileEncoding = 4; lastKnownFileType = sourcecode.c.h; path = BMKPolylineView.h; sourceTree = "<group>"; };
		46A4704118BE23990057F579 /* BMKRouteSearchType.h */ = {isa = PBXFileReference; fileEncoding = 4; lastKnownFileType = sourcecode.c.h; path = BMKRouteSearchType.h; sourceTree = "<group>"; };
		46A4704218BE23990057F579 /* BMKSearch.h */ = {isa = PBXFileReference; fileEncoding = 4; lastKnownFileType = sourcecode.c.h; path = BMKSearch.h; sourceTree = "<group>"; };
		46A4704318BE23990057F579 /* BMKShape.h */ = {isa = PBXFileReference; fileEncoding = 4; lastKnownFileType = sourcecode.c.h; path = BMKShape.h; sourceTree = "<group>"; };
		46A4704418BE23990057F579 /* BMKTypes.h */ = {isa = PBXFileReference; fileEncoding = 4; lastKnownFileType = sourcecode.c.h; path = BMKTypes.h; sourceTree = "<group>"; };
		46A4704518BE23990057F579 /* BMKUserLocation.h */ = {isa = PBXFileReference; fileEncoding = 4; lastKnownFileType = sourcecode.c.h; path = BMKUserLocation.h; sourceTree = "<group>"; };
		46A4704618BE23990057F579 /* BMKVersion.h */ = {isa = PBXFileReference; fileEncoding = 4; lastKnownFileType = sourcecode.c.h; path = BMKVersion.h; sourceTree = "<group>"; };
		46A4704718BE23990057F579 /* libbaidumapapi.a */ = {isa = PBXFileReference; lastKnownFileType = archive.ar; path = libbaidumapapi.a; sourceTree = "<group>"; };
		46A4704D18BE28DA0057F579 /* MapViewController.h */ = {isa = PBXFileReference; fileEncoding = 4; lastKnownFileType = sourcecode.c.h; path = MapViewController.h; sourceTree = "<group>"; };
		46B233B518BCDC4200CC27A3 /* LoginViewController.h */ = {isa = PBXFileReference; fileEncoding = 4; lastKnownFileType = sourcecode.c.h; path = LoginViewController.h; sourceTree = "<group>"; };
		46B233B618BCDC4200CC27A3 /* LoginViewController.m */ = {isa = PBXFileReference; fileEncoding = 4; lastKnownFileType = sourcecode.c.objc; path = LoginViewController.m; sourceTree = "<group>"; };
		46B233B818BCE58400CC27A3 /* Security.framework */ = {isa = PBXFileReference; lastKnownFileType = wrapper.framework; name = Security.framework; path = System/Library/Frameworks/Security.framework; sourceTree = SDKROOT; };
		46B233BA18BCE58E00CC27A3 /* libiconv.dylib */ = {isa = PBXFileReference; lastKnownFileType = "compiled.mach-o.dylib"; name = libiconv.dylib; path = usr/lib/libiconv.dylib; sourceTree = SDKROOT; };
		46B233BC18BCE59600CC27A3 /* SystemConfiguration.framework */ = {isa = PBXFileReference; lastKnownFileType = wrapper.framework; name = SystemConfiguration.framework; path = System/Library/Frameworks/SystemConfiguration.framework; sourceTree = SDKROOT; };
		46B233BE18BCE5A000CC27A3 /* CoreTelephony.framework */ = {isa = PBXFileReference; lastKnownFileType = wrapper.framework; name = CoreTelephony.framework; path = System/Library/Frameworks/CoreTelephony.framework; sourceTree = SDKROOT; };
		46B233C018BCE5B000CC27A3 /* libsqlite3.dylib */ = {isa = PBXFileReference; lastKnownFileType = "compiled.mach-o.dylib"; name = libsqlite3.dylib; path = usr/lib/libsqlite3.dylib; sourceTree = SDKROOT; };
		46B233C218BCE5BC00CC27A3 /* libstdc++.dylib */ = {isa = PBXFileReference; lastKnownFileType = "compiled.mach-o.dylib"; name = "libstdc++.dylib"; path = "usr/lib/libstdc++.dylib"; sourceTree = SDKROOT; };
		46B233C418BCE5C000CC27A3 /* libz.dylib */ = {isa = PBXFileReference; lastKnownFileType = "compiled.mach-o.dylib"; name = libz.dylib; path = usr/lib/libz.dylib; sourceTree = SDKROOT; };
		46B233C818BCE6E000CC27A3 /* en */ = {isa = PBXFileReference; lastKnownFileType = text.plist.strings; name = en; path = en.lproj/UMSocialLocalizable.strings; sourceTree = "<group>"; };
		46B233CB18BCE6E000CC27A3 /* libWeChatSDK.a */ = {isa = PBXFileReference; lastKnownFileType = archive.ar; path = libWeChatSDK.a; sourceTree = "<group>"; };
		46B233CC18BCE6E000CC27A3 /* WXApi.h */ = {isa = PBXFileReference; fileEncoding = 4; lastKnownFileType = sourcecode.c.h; path = WXApi.h; sourceTree = "<group>"; };
		46B233CD18BCE6E000CC27A3 /* WXApiObject.h */ = {isa = PBXFileReference; fileEncoding = 4; lastKnownFileType = sourcecode.c.h; path = WXApiObject.h; sourceTree = "<group>"; };
		46B233CF18BCE6E000CC27A3 /* UMSocial.h */ = {isa = PBXFileReference; fileEncoding = 4; lastKnownFileType = sourcecode.c.h; path = UMSocial.h; sourceTree = "<group>"; };
		46B233D018BCE6E000CC27A3 /* UMSocialAccountManager.h */ = {isa = PBXFileReference; fileEncoding = 4; lastKnownFileType = sourcecode.c.h; path = UMSocialAccountManager.h; sourceTree = "<group>"; };
		46B233D118BCE6E000CC27A3 /* UMSocialBar.h */ = {isa = PBXFileReference; fileEncoding = 4; lastKnownFileType = sourcecode.c.h; path = UMSocialBar.h; sourceTree = "<group>"; };
		46B233D218BCE6E000CC27A3 /* UMSocialConfig.h */ = {isa = PBXFileReference; fileEncoding = 4; lastKnownFileType = sourcecode.c.h; path = UMSocialConfig.h; sourceTree = "<group>"; };
		46B233D318BCE6E000CC27A3 /* UMSocialControllerService.h */ = {isa = PBXFileReference; fileEncoding = 4; lastKnownFileType = sourcecode.c.h; path = UMSocialControllerService.h; sourceTree = "<group>"; };
		46B233D418BCE6E000CC27A3 /* UMSocialControllerServiceComment.h */ = {isa = PBXFileReference; fileEncoding = 4; lastKnownFileType = sourcecode.c.h; path = UMSocialControllerServiceComment.h; sourceTree = "<group>"; };
		46B233D518BCE6E000CC27A3 /* UMSocialData.h */ = {isa = PBXFileReference; fileEncoding = 4; lastKnownFileType = sourcecode.c.h; path = UMSocialData.h; sourceTree = "<group>"; };
		46B233D618BCE6E000CC27A3 /* UMSocialDataService.h */ = {isa = PBXFileReference; fileEncoding = 4; lastKnownFileType = sourcecode.c.h; path = UMSocialDataService.h; sourceTree = "<group>"; };
		46B233D718BCE6E000CC27A3 /* UMSocialSnsData.h */ = {isa = PBXFileReference; fileEncoding = 4; lastKnownFileType = sourcecode.c.h; path = UMSocialSnsData.h; sourceTree = "<group>"; };
		46B233D818BCE6E000CC27A3 /* UMSocialSnsPlatformManager.h */ = {isa = PBXFileReference; fileEncoding = 4; lastKnownFileType = sourcecode.c.h; path = UMSocialSnsPlatformManager.h; sourceTree = "<group>"; };
		46B233D918BCE6E000CC27A3 /* UMSocialSnsService.h */ = {isa = PBXFileReference; fileEncoding = 4; lastKnownFileType = sourcecode.c.h; path = UMSocialSnsService.h; sourceTree = "<group>"; };
		46B233DA18BCE6E000CC27A3 /* libUMSocial_Sdk_3.3.3.a */ = {isa = PBXFileReference; lastKnownFileType = archive.ar; path = libUMSocial_Sdk_3.3.3.a; sourceTree = "<group>"; };
		46B233DB18BCE6E000CC27A3 /* libUMSocial_Sdk_Comment_3.3.3.a */ = {isa = PBXFileReference; lastKnownFileType = archive.ar; path = libUMSocial_Sdk_Comment_3.3.3.a; sourceTree = "<group>"; };
		46B233DD18BCE6E000CC27A3 /* UMSCommentDetailController.xib */ = {isa = PBXFileReference; fileEncoding = 4; lastKnownFileType = file.xib; path = UMSCommentDetailController.xib; sourceTree = "<group>"; };
		46B233DE18BCE6E000CC27A3 /* UMSCommentInputController.xib */ = {isa = PBXFileReference; fileEncoding = 4; lastKnownFileType = file.xib; path = UMSCommentInputController.xib; sourceTree = "<group>"; };
		46B233DF18BCE6E000CC27A3 /* UMSCommentInputControlleriPad.xib */ = {isa = PBXFileReference; fileEncoding = 4; lastKnownFileType = file.xib; path = UMSCommentInputControlleriPad.xib; sourceTree = "<group>"; };
		46B233E018BCE6E000CC27A3 /* UMShareEditViewController.xib */ = {isa = PBXFileReference; fileEncoding = 4; lastKnownFileType = file.xib; path = UMShareEditViewController.xib; sourceTree = "<group>"; };
		46B233E118BCE6E000CC27A3 /* UMShareEditViewControlleriPad.xib */ = {isa = PBXFileReference; fileEncoding = 4; lastKnownFileType = file.xib; path = UMShareEditViewControlleriPad.xib; sourceTree = "<group>"; };
		46B233E218BCE6E000CC27A3 /* UMSLoginViewController.xib */ = {isa = PBXFileReference; fileEncoding = 4; lastKnownFileType = file.xib; path = UMSLoginViewController.xib; sourceTree = "<group>"; };
		46B233E318BCE6E000CC27A3 /* UMSnsAccountViewController.xib */ = {isa = PBXFileReference; fileEncoding = 4; lastKnownFileType = file.xib; path = UMSnsAccountViewController.xib; sourceTree = "<group>"; };
		46B233E418BCE6E000CC27A3 /* UMSShareListController.xib */ = {isa = PBXFileReference; fileEncoding = 4; lastKnownFileType = file.xib; path = UMSShareListController.xib; sourceTree = "<group>"; };
		46B233E618BCE6E000CC27A3 /* TencentOpenAPI.framework */ = {isa = PBXFileReference; lastKnownFileType = wrapper.framework; path = TencentOpenAPI.framework; sourceTree = "<group>"; };
		46B233E718BCE6E000CC27A3 /* TencentOpenApi_IOS_Bundle.bundle */ = {isa = PBXFileReference; lastKnownFileType = "wrapper.plug-in"; path = TencentOpenApi_IOS_Bundle.bundle; sourceTree = "<group>"; };
		46B233E818BCE6E000CC27A3 /* UMSocialSDKResourcesNew.bundle */ = {isa = PBXFileReference; lastKnownFileType = "wrapper.plug-in"; path = UMSocialSDKResourcesNew.bundle; sourceTree = "<group>"; };
		46B233E918BCE6E000CC27A3 /* zh-Hans */ = {isa = PBXFileReference; lastKnownFileType = text.plist.strings; name = "zh-Hans"; path = "zh-Hans.lproj/UMSocialLocalizable.strings"; sourceTree = "<group>"; };
		46B25AE318BF1CAA0035F425 /* RootViewController.m */ = {isa = PBXFileReference; fileEncoding = 4; lastKnownFileType = sourcecode.c.objc; path = RootViewController.m; sourceTree = "<group>"; };
		46B25AE518BF1CC60035F425 /* MapViewController.mm */ = {isa = PBXFileReference; fileEncoding = 4; lastKnownFileType = sourcecode.cpp.objcpp; path = MapViewController.mm; sourceTree = "<group>"; };
		46B25AEB18C086D30035F425 /* WorkCell.h */ = {isa = PBXFileReference; fileEncoding = 4; lastKnownFileType = sourcecode.c.h; path = WorkCell.h; sourceTree = "<group>"; };
		46B25AEC18C086D30035F425 /* WorkCell.m */ = {isa = PBXFileReference; fileEncoding = 4; lastKnownFileType = sourcecode.c.objc; path = WorkCell.m; sourceTree = "<group>"; };
		46B25AEE18C185290035F425 /* FakeDataHelper.h */ = {isa = PBXFileReference; fileEncoding = 4; lastKnownFileType = sourcecode.c.h; path = FakeDataHelper.h; sourceTree = "<group>"; };
		46B25AEF18C185290035F425 /* FakeDataHelper.m */ = {isa = PBXFileReference; fileEncoding = 4; lastKnownFileType = sourcecode.c.objc; path = FakeDataHelper.m; sourceTree = "<group>"; };
		46BCD23118BB7BF5005C4BD6 /* Macros.h */ = {isa = PBXFileReference; fileEncoding = 4; lastKnownFileType = sourcecode.c.h; path = Macros.h; sourceTree = "<group>"; };
		46BCD24218BB85FC005C4BD6 /* line@2x.png */ = {isa = PBXFileReference; lastKnownFileType = image.png; path = "line@2x.png"; sourceTree = "<group>"; };
		46BCD24318BB85FC005C4BD6 /* pick_bg@2x.png */ = {isa = PBXFileReference; lastKnownFileType = image.png; path = "pick_bg@2x.png"; sourceTree = "<group>"; };
		46BCD24418BB85FC005C4BD6 /* WelQRGeneraterViewController.h */ = {isa = PBXFileReference; fileEncoding = 4; lastKnownFileType = sourcecode.c.h; path = WelQRGeneraterViewController.h; sourceTree = "<group>"; };
		46BCD24518BB85FC005C4BD6 /* WelQRGeneraterViewController.m */ = {isa = PBXFileReference; fileEncoding = 4; lastKnownFileType = sourcecode.c.objc; path = WelQRGeneraterViewController.m; sourceTree = "<group>"; };
		46BCD24618BB85FC005C4BD6 /* WelQRReaderViewController.h */ = {isa = PBXFileReference; fileEncoding = 4; lastKnownFileType = sourcecode.c.h; path = WelQRReaderViewController.h; sourceTree = "<group>"; };
		46BCD24718BB85FC005C4BD6 /* WelQRReaderViewController.m */ = {isa = PBXFileReference; fileEncoding = 4; lastKnownFileType = sourcecode.c.objc; path = WelQRReaderViewController.m; sourceTree = "<group>"; };
		46BCD24C18BB91F5005C4BD6 /* flush.caf */ = {isa = PBXFileReference; lastKnownFileType = file; path = flush.caf; sourceTree = "<group>"; };
		46BCD24F18BC3B4F005C4BD6 /* SVProgressHUD.bundle */ = {isa = PBXFileReference; lastKnownFileType = "wrapper.plug-in"; path = SVProgressHUD.bundle; sourceTree = "<group>"; };
		46BCD25018BC3B4F005C4BD6 /* SVProgressHUD.h */ = {isa = PBXFileReference; fileEncoding = 4; lastKnownFileType = sourcecode.c.h; path = SVProgressHUD.h; sourceTree = "<group>"; };
		46BCD25118BC3B4F005C4BD6 /* SVProgressHUD.m */ = {isa = PBXFileReference; fileEncoding = 4; lastKnownFileType = sourcecode.c.objc; path = SVProgressHUD.m; sourceTree = "<group>"; };
		46BCD25518BC628E005C4BD6 /* ChatSessionListViewController.h */ = {isa = PBXFileReference; fileEncoding = 4; lastKnownFileType = sourcecode.c.h; path = ChatSessionListViewController.h; sourceTree = "<group>"; };
		46BCD25618BC628E005C4BD6 /* ChatSessionListViewController.m */ = {isa = PBXFileReference; fileEncoding = 4; lastKnownFileType = sourcecode.c.objc; path = ChatSessionListViewController.m; sourceTree = "<group>"; };
		46BCD25918BC7162005C4BD6 /* WorksViewController.h */ = {isa = PBXFileReference; fileEncoding = 4; lastKnownFileType = sourcecode.c.h; path = WorksViewController.h; sourceTree = "<group>"; };
		46BCD25A18BC7162005C4BD6 /* WorksViewController.m */ = {isa = PBXFileReference; fileEncoding = 4; lastKnownFileType = sourcecode.c.objc; path = WorksViewController.m; sourceTree = "<group>"; };
		46BCD25D18BC725D005C4BD6 /* GroupsViewController.h */ = {isa = PBXFileReference; fileEncoding = 4; lastKnownFileType = sourcecode.c.h; path = GroupsViewController.h; sourceTree = "<group>"; };
		46BCD25E18BC725D005C4BD6 /* GroupsViewController.m */ = {isa = PBXFileReference; fileEncoding = 4; lastKnownFileType = sourcecode.c.objc; path = GroupsViewController.m; sourceTree = "<group>"; };
		46BCD26118BC7561005C4BD6 /* CityListViewController.h */ = {isa = PBXFileReference; fileEncoding = 4; lastKnownFileType = sourcecode.c.h; path = CityListViewController.h; sourceTree = "<group>"; };
		46BCD26218BC7561005C4BD6 /* CityListViewController.m */ = {isa = PBXFileReference; fileEncoding = 4; lastKnownFileType = sourcecode.c.objc; path = CityListViewController.m; sourceTree = "<group>"; };
		46BCD26418BC796B005C4BD6 /* WorkDetailViewController.h */ = {isa = PBXFileReference; fileEncoding = 4; lastKnownFileType = sourcecode.c.h; path = WorkDetailViewController.h; sourceTree = "<group>"; };
		46BCD26518BC796B005C4BD6 /* WorkDetailViewController.m */ = {isa = PBXFileReference; fileEncoding = 4; lastKnownFileType = sourcecode.c.objc; path = WorkDetailViewController.m; sourceTree = "<group>"; };
		46BCD26718BC797B005C4BD6 /* GroupDetailViewController.h */ = {isa = PBXFileReference; fileEncoding = 4; lastKnownFileType = sourcecode.c.h; path = GroupDetailViewController.h; sourceTree = "<group>"; };
		46BCD26818BC797B005C4BD6 /* GroupDetailViewController.m */ = {isa = PBXFileReference; fileEncoding = 4; lastKnownFileType = sourcecode.c.objc; path = GroupDetailViewController.m; sourceTree = "<group>"; };
		46BCD27118BC79E0005C4BD6 /* StaffsViewController.h */ = {isa = PBXFileReference; fileEncoding = 4; lastKnownFileType = sourcecode.c.h; path = StaffsViewController.h; sourceTree = "<group>"; };
		46BCD27218BC79E0005C4BD6 /* StaffsViewController.m */ = {isa = PBXFileReference; fileEncoding = 4; lastKnownFileType = sourcecode.c.objc; path = StaffsViewController.m; sourceTree = "<group>"; };
		46BCD27418BC79EB005C4BD6 /* StaffDetailViewController.h */ = {isa = PBXFileReference; fileEncoding = 4; lastKnownFileType = sourcecode.c.h; path = StaffDetailViewController.h; sourceTree = "<group>"; };
		46BCD27518BC79EB005C4BD6 /* StaffDetailViewController.m */ = {isa = PBXFileReference; fileEncoding = 4; lastKnownFileType = sourcecode.c.objc; path = StaffDetailViewController.m; sourceTree = "<group>"; };
		46E84EBA18C2C7040004C146 /* centerIcon@2x.png */ = {isa = PBXFileReference; lastKnownFileType = image.png; path = "centerIcon@2x.png"; sourceTree = "<group>"; };
		46E84EBB18C2C7040004C146 /* UIScrollView+UzysCircularProgressPullToRefresh.h */ = {isa = PBXFileReference; fileEncoding = 4; lastKnownFileType = sourcecode.c.h; path = "UIScrollView+UzysCircularProgressPullToRefresh.h"; sourceTree = "<group>"; };
		46E84EBC18C2C7040004C146 /* UIScrollView+UzysCircularProgressPullToRefresh.m */ = {isa = PBXFileReference; fileEncoding = 4; lastKnownFileType = sourcecode.c.objc; path = "UIScrollView+UzysCircularProgressPullToRefresh.m"; sourceTree = "<group>"; };
		46E84EBD18C2C7040004C146 /* UzysRadialProgressActivityIndicator.h */ = {isa = PBXFileReference; fileEncoding = 4; lastKnownFileType = sourcecode.c.h; path = UzysRadialProgressActivityIndicator.h; sourceTree = "<group>"; };
		46E84EBE18C2C7040004C146 /* UzysRadialProgressActivityIndicator.m */ = {isa = PBXFileReference; fileEncoding = 4; lastKnownFileType = sourcecode.c.objc; path = UzysRadialProgressActivityIndicator.m; sourceTree = "<group>"; };
		46E84EC218C2D7330004C146 /* SelectionPanel.h */ = {isa = PBXFileReference; fileEncoding = 4; lastKnownFileType = sourcecode.c.h; path = SelectionPanel.h; sourceTree = "<group>"; };
		46E84EC318C2D7330004C146 /* SelectionPanel.m */ = {isa = PBXFileReference; fileEncoding = 4; lastKnownFileType = sourcecode.c.objc; path = SelectionPanel.m; sourceTree = "<group>"; };
		46E84EC518C2D7F80004C146 /* SelectOpitions.h */ = {isa = PBXFileReference; fileEncoding = 4; lastKnownFileType = sourcecode.c.h; path = SelectOpitions.h; sourceTree = "<group>"; };
		46E84EC618C2D7F80004C146 /* SelectOpitions.m */ = {isa = PBXFileReference; fileEncoding = 4; lastKnownFileType = sourcecode.c.objc; path = SelectOpitions.m; sourceTree = "<group>"; };
		46E84EC818C2D9050004C146 /* ProductDetailViewController.h */ = {isa = PBXFileReference; fileEncoding = 4; lastKnownFileType = sourcecode.c.h; path = ProductDetailViewController.h; sourceTree = "<group>"; };
		46E84EC918C2D9050004C146 /* ProductDetailViewController.m */ = {isa = PBXFileReference; fileEncoding = 4; lastKnownFileType = sourcecode.c.objc; path = ProductDetailViewController.m; sourceTree = "<group>"; };
		46E84ECC18C2DB930004C146 /* UIViewController+KNSemiModal.h */ = {isa = PBXFileReference; fileEncoding = 4; lastKnownFileType = sourcecode.c.h; path = "UIViewController+KNSemiModal.h"; sourceTree = "<group>"; };
		46E84ECD18C2DB930004C146 /* UIViewController+KNSemiModal.m */ = {isa = PBXFileReference; fileEncoding = 4; lastKnownFileType = sourcecode.c.objc; path = "UIViewController+KNSemiModal.m"; sourceTree = "<group>"; };
		46E84ECF18C2E1550004C146 /* UINavigationBar+WelKit.h */ = {isa = PBXFileReference; fileEncoding = 4; lastKnownFileType = sourcecode.c.h; path = "UINavigationBar+WelKit.h"; sourceTree = "<group>"; };
		46E84ED018C2E1550004C146 /* UINavigationBar+WelKit.m */ = {isa = PBXFileReference; fileEncoding = 4; lastKnownFileType = sourcecode.c.objc; path = "UINavigationBar+WelKit.m"; sourceTree = "<group>"; };
		46E84ED218C2E1CC0004C146 /* UIImage+WelKit.h */ = {isa = PBXFileReference; fileEncoding = 4; lastKnownFileType = sourcecode.c.h; path = "UIImage+WelKit.h"; sourceTree = "<group>"; };
		46E84ED318C2E1CC0004C146 /* UIImage+WelKit.m */ = {isa = PBXFileReference; fileEncoding = 4; lastKnownFileType = sourcecode.c.objc; path = "UIImage+WelKit.m"; sourceTree = "<group>"; };
		DB57361E9AB145E7AB30BD59 /* Pods.xcconfig */ = {isa = PBXFileReference; includeInIndex = 1; lastKnownFileType = text.xcconfig; name = Pods.xcconfig; path = ../../Pods/Pods.xcconfig; sourceTree = "<group>"; };
/* End PBXFileReference section */

/* Begin PBXFrameworksBuildPhase section */
		18A9125C18BB216E006B9A04 /* Frameworks */ = {
			isa = PBXFrameworksBuildPhase;
			buildActionMask = 2147483647;
			files = (
				46A46FE918BE21280057F579 /* OpenGLES.framework in Frameworks */,
				46A46FE718BE211F0057F579 /* QuartzCore.framework in Frameworks */,
				46A46FE518BE21160057F579 /* CoreLocation.framework in Frameworks */,
				46B233C518BCE5C000CC27A3 /* libz.dylib in Frameworks */,
				46A4704918BE23990057F579 /* libbaidumapapi.a in Frameworks */,
				46B233F618BCE6E000CC27A3 /* TencentOpenAPI.framework in Frameworks */,
				46B233C318BCE5BC00CC27A3 /* libstdc++.dylib in Frameworks */,
				46B233ED18BCE6E000CC27A3 /* libUMSocial_Sdk_Comment_3.3.3.a in Frameworks */,
				46A4704818BE23990057F579 /* libbaidumapapi.a in Frameworks */,
				46B233C118BCE5B000CC27A3 /* libsqlite3.dylib in Frameworks */,
				46B233BF18BCE5A000CC27A3 /* CoreTelephony.framework in Frameworks */,
				46B233EB18BCE6E000CC27A3 /* libWeChatSDK.a in Frameworks */,
				46B233EC18BCE6E000CC27A3 /* libUMSocial_Sdk_3.3.3.a in Frameworks */,
				46B233BD18BCE59600CC27A3 /* SystemConfiguration.framework in Frameworks */,
				46B233BB18BCE58E00CC27A3 /* libiconv.dylib in Frameworks */,
				46B233B918BCE58400CC27A3 /* Security.framework in Frameworks */,
				4660E6AB18BB7666005B3C7D /* CoreText.framework in Frameworks */,
				18A9126518BB216E006B9A04 /* CoreGraphics.framework in Frameworks */,
				18A9126318BB216E006B9A04 /* Foundation.framework in Frameworks */,
				18A9126718BB216E006B9A04 /* UIKit.framework in Frameworks */,
				8D253C7C0D2C41EC8279DF3F /* libPods.a in Frameworks */,
			);
			runOnlyForDeploymentPostprocessing = 0;
		};
/* End PBXFrameworksBuildPhase section */

/* Begin PBXGroup section */
		18A9125618BB216E006B9A04 = {
			isa = PBXGroup;
			children = (
				18A9126818BB216E006B9A04 /* App */,
				18A9126118BB216E006B9A04 /* Frameworks */,
				18A9126018BB216E006B9A04 /* Products */,
			);
			sourceTree = "<group>";
		};
		18A9126018BB216E006B9A04 /* Products */ = {
			isa = PBXGroup;
			children = (
				18A9125F18BB216E006B9A04 /* WelHair.app */,
			);
			name = Products;
			sourceTree = "<group>";
		};
		18A9126118BB216E006B9A04 /* Frameworks */ = {
			isa = PBXGroup;
			children = (
				46A46FE818BE21280057F579 /* OpenGLES.framework */,
				46A46FE618BE211F0057F579 /* QuartzCore.framework */,
				46A46FE418BE21160057F579 /* CoreLocation.framework */,
				46B233C418BCE5C000CC27A3 /* libz.dylib */,
				46B233C218BCE5BC00CC27A3 /* libstdc++.dylib */,
				46B233C018BCE5B000CC27A3 /* libsqlite3.dylib */,
				46B233BE18BCE5A000CC27A3 /* CoreTelephony.framework */,
				46B233BC18BCE59600CC27A3 /* SystemConfiguration.framework */,
				46B233BA18BCE58E00CC27A3 /* libiconv.dylib */,
				46B233B818BCE58400CC27A3 /* Security.framework */,
				4660E6AA18BB7666005B3C7D /* CoreText.framework */,
				18A9126218BB216E006B9A04 /* Foundation.framework */,
				18A9126418BB216E006B9A04 /* CoreGraphics.framework */,
				18A9126618BB216E006B9A04 /* UIKit.framework */,
				18A9127B18BB216E006B9A04 /* XCTest.framework */,
				0DEE8FDE44A64A6986F93371 /* libPods.a */,
			);
			name = Frameworks;
			sourceTree = "<group>";
		};
		18A9126818BB216E006B9A04 /* App */ = {
			isa = PBXGroup;
			children = (
				18A9127118BB216E006B9A04 /* AppDelegate.h */,
				18A9127218BB216E006B9A04 /* AppDelegate.m */,
				18A9129118BB2350006B9A04 /* Assets */,
				18A9129818BB2350006B9A04 /* Constants */,
				18A912D918BB26B6006B9A04 /* Controllers */,
				18A912A018BB23FA006B9A04 /* Localization */,
				18A912DF18BB26B6006B9A04 /* Models */,
				18A9126918BB216E006B9A04 /* Supporting Files */,
				18A912E518BB2826006B9A04 /* Vendor */,
				46B25AE718C0716E0035F425 /* Views */,
			);
			path = App;
			sourceTree = "<group>";
		};
		18A9126918BB216E006B9A04 /* Supporting Files */ = {
			isa = PBXGroup;
			children = (
				18A9129318BB2350006B9A04 /* Config */,
				18A9126A18BB216E006B9A04 /* Info.plist */,
				18A9126E18BB216E006B9A04 /* main.m */,
				18A9127018BB216E006B9A04 /* Prefix.pch */,
			);
			name = "Supporting Files";
			sourceTree = "<group>";
		};
		18A9129118BB2350006B9A04 /* Assets */ = {
			isa = PBXGroup;
			children = (
				46A46FEA18BE21BB0057F579 /* BaiduMap */,
				18A912AF18BB2591006B9A04 /* AppIcon */,
				18A912B018BB259B006B9A04 /* LaunchImage */,
				18A912AD18BB2552006B9A04 /* Images.xcassets */,
			);
			path = Assets;
			sourceTree = "<group>";
		};
		18A9129318BB2350006B9A04 /* Config */ = {
			isa = PBXGroup;
			children = (
				18A9129418BB2350006B9A04 /* Base.xcconfig */,
				18A9129518BB2350006B9A04 /* Debug.xcconfig */,
				DB57361E9AB145E7AB30BD59 /* Pods.xcconfig */,
				18A9129618BB2350006B9A04 /* Release.xcconfig */,
				18A9129718BB2350006B9A04 /* Test.xcconfig */,
			);
			path = Config;
			sourceTree = "<group>";
		};
		18A9129818BB2350006B9A04 /* Constants */ = {
			isa = PBXGroup;
			children = (
				18A9129918BB2350006B9A04 /* AppImport.h */,
				18A9129A18BB2350006B9A04 /* Constants.h */,
				46BCD23118BB7BF5005C4BD6 /* Macros.h */,
			);
			path = Constants;
			sourceTree = "<group>";
		};
		18A912A018BB23FA006B9A04 /* Localization */ = {
			isa = PBXGroup;
			children = (
				18A912A718BB249A006B9A04 /* InfoPlist.strings */,
				18A912AA18BB249E006B9A04 /* Localizable.strings */,
			);
			path = Localization;
			sourceTree = "<group>";
		};
		18A912AF18BB2591006B9A04 /* AppIcon */ = {
			isa = PBXGroup;
			children = (
				18A912B118BB25AA006B9A04 /* Icon-40.png */,
				18A912B218BB25AA006B9A04 /* Icon-40@2x.png */,
				18A912B318BB25AA006B9A04 /* Icon-60@2x.png */,
				18A912B418BB25AA006B9A04 /* Icon-72.png */,
				18A912B518BB25AA006B9A04 /* Icon-72@2x.png */,
				18A912B618BB25AA006B9A04 /* Icon-76.png */,
				18A912B718BB25AA006B9A04 /* Icon-76@2x.png */,
				18A912B818BB25AA006B9A04 /* Icon-Small-50.png */,
				18A912B918BB25AA006B9A04 /* Icon-Small-50@2x.png */,
				18A912BA18BB25AA006B9A04 /* Icon-Small.png */,
				18A912BB18BB25AA006B9A04 /* Icon-Small@2x.png */,
				18A912BC18BB25AA006B9A04 /* Icon.png */,
				18A912BD18BB25AA006B9A04 /* Icon@2x.png */,
			);
			name = AppIcon;
			sourceTree = "<group>";
		};
		18A912B018BB259B006B9A04 /* LaunchImage */ = {
			isa = PBXGroup;
			children = (
				18A912CB18BB2670006B9A04 /* Default-568h@2x.png */,
				18A912CC18BB2670006B9A04 /* Default-Landscape@2x~ipad.png */,
				18A912CD18BB2670006B9A04 /* Default-Landscape~ipad.png */,
				18A912CE18BB2670006B9A04 /* Default-Portrait@2x~ipad.png */,
				18A912CF18BB2670006B9A04 /* Default-Portrait~ipad.png */,
				18A912D018BB2670006B9A04 /* Default.png */,
				18A912D118BB2670006B9A04 /* Default@2x.png */,
			);
			name = LaunchImage;
			sourceTree = "<group>";
		};
		18A912D918BB26B6006B9A04 /* Controllers */ = {
			isa = PBXGroup;
			children = (
				46BCD27018BC79D3005C4BD6 /* Staffs */,
				46BCD26018BC7533005C4BD6 /* Common */,
				46BCD25C18BC724E005C4BD6 /* Groups */,
				46BCD25818BC7146005C4BD6 /* Works */,
				46BCD25418BC6271005C4BD6 /* Chat */,
				4660E68518BB73A8005B3C7D /* Products */,
				4660E68718BB73A8005B3C7D /* User */,
				18A912DA18BB26B6006B9A04 /* Base */,
				18A912DD18BB26B6006B9A04 /* RootViewController.h */,
				46B25AE318BF1CAA0035F425 /* RootViewController.m */,
			);
			path = Controllers;
			sourceTree = "<group>";
		};
		18A912DA18BB26B6006B9A04 /* Base */ = {
			isa = PBXGroup;
			children = (
				18A912DB18BB26B6006B9A04 /* BaseViewController.h */,
				18A912DC18BB26B6006B9A04 /* BaseViewController.m */,
			);
			path = Base;
			sourceTree = "<group>";
		};
		18A912DF18BB26B6006B9A04 /* Models */ = {
			isa = PBXGroup;
			children = (
				46B25AEE18C185290035F425 /* FakeDataHelper.h */,
				46B25AEF18C185290035F425 /* FakeDataHelper.m */,
				18A912E018BB26B6006B9A04 /* User.h */,
				18A912E118BB26B6006B9A04 /* User.m */,
				4665FD8318BC801000E88C6B /* Work.h */,
				4665FD8418BC801000E88C6B /* Work.m */,
				46E84EC518C2D7F80004C146 /* SelectOpitions.h */,
				46E84EC618C2D7F80004C146 /* SelectOpitions.m */,
			);
			path = Models;
			sourceTree = "<group>";
		};
		18A912E518BB2826006B9A04 /* Vendor */ = {
			isa = PBXGroup;
			children = (
				46E84ECB18C2DB930004C146 /* KNSemiModalViewController */,
				46E84EB918C2C7040004C146 /* UzysCircularProgressPullToRefresh */,
				46B233C618BCE6E000CC27A3 /* UMSocial_Sdk_3.3.3 */,
				46BCD24E18BC3B4F005C4BD6 /* SVProgressHUD */,
				18A912E618BB2826006B9A04 /* WelKit */,
			);
			path = Vendor;
			sourceTree = "<group>";
		};
		18A912E618BB2826006B9A04 /* WelKit */ = {
			isa = PBXGroup;
			children = (
				46BCD24018BB85FC005C4BD6 /* Controls */,
				18A912E718BB2826006B9A04 /* UIKit */,
				18A912EA18BB2826006B9A04 /* WelKit.h */,
				18A912EB18BB2826006B9A04 /* WelKitMacros.h */,
			);
			path = WelKit;
			sourceTree = "<group>";
		};
		18A912E718BB2826006B9A04 /* UIKit */ = {
			isa = PBXGroup;
			children = (
				46E84ED218C2E1CC0004C146 /* UIImage+WelKit.h */,
				46E84ED318C2E1CC0004C146 /* UIImage+WelKit.m */,
				46E84ECF18C2E1550004C146 /* UINavigationBar+WelKit.h */,
				46E84ED018C2E1550004C146 /* UINavigationBar+WelKit.m */,
				18A912E818BB2826006B9A04 /* UIView+WelKit.h */,
				18A912E918BB2826006B9A04 /* UIView+WelKit.m */,
			);
			path = UIKit;
			sourceTree = "<group>";
		};
		4660E68518BB73A8005B3C7D /* Products */ = {
			isa = PBXGroup;
			children = (
				4660E68E18BB73E1005B3C7D /* ProductsViewController.h */,
				4660E68F18BB73E1005B3C7D /* ProductsViewController.m */,
				46E84EC818C2D9050004C146 /* ProductDetailViewController.h */,
				46E84EC918C2D9050004C146 /* ProductDetailViewController.m */,
			);
			path = Products;
			sourceTree = "<group>";
		};
		4660E68718BB73A8005B3C7D /* User */ = {
			isa = PBXGroup;
			children = (
				4660E69418BB73FF005B3C7D /* UserViewController.h */,
				4660E69518BB73FF005B3C7D /* UserViewController.m */,
				46B233B518BCDC4200CC27A3 /* LoginViewController.h */,
				46B233B618BCDC4200CC27A3 /* LoginViewController.m */,
			);
			path = User;
			sourceTree = "<group>";
		};
		46A46FEA18BE21BB0057F579 /* BaiduMap */ = {
			isa = PBXGroup;
			children = (
				46A46FF118BE23990057F579 /* libs */,
				46A46FEC18BE21BB0057F579 /* mapapi.bundle */,
			);
			path = BaiduMap;
			sourceTree = "<group>";
		};
		46A46FF118BE23990057F579 /* libs */ = {
			isa = PBXGroup;
			children = (
				46A46FF218BE23990057F579 /* Release-iphoneos */,
				46A4701D18BE23990057F579 /* Release-iphonesimulator */,
			);
			path = libs;
			sourceTree = "<group>";
		};
		46A46FF218BE23990057F579 /* Release-iphoneos */ = {
			isa = PBXGroup;
			children = (
				46A46FF318BE23990057F579 /* inc */,
				46A4701C18BE23990057F579 /* libbaidumapapi.a */,
			);
			path = "Release-iphoneos";
			sourceTree = "<group>";
		};
		46A46FF318BE23990057F579 /* inc */ = {
			isa = PBXGroup;
			children = (
				46A46FF418BE23990057F579 /* BMapKit.h */,
				46A46FF518BE23990057F579 /* BMKActionPaopaoView.h */,
				46A46FF618BE23990057F579 /* BMKAnnotation.h */,
				46A46FF718BE23990057F579 /* BMKAnnotationView.h */,
				46A46FF818BE23990057F579 /* BMKArcline.h */,
				46A46FF918BE23990057F579 /* BMKArclineView.h */,
				46A46FFA18BE23990057F579 /* BMKCircle.h */,
				46A46FFB18BE23990057F579 /* BMKCircleView.h */,
				46A46FFC18BE23990057F579 /* BMKCloudPOIList.h */,
				46A46FFD18BE23990057F579 /* BMKCloudSearch.h */,
				46A46FFE18BE23990057F579 /* BMKCloudSearchInfo.h */,
				46A46FFF18BE23990057F579 /* BMKGeneralDelegate.h */,
				46A4700018BE23990057F579 /* BMKGeocodeType.h */,
				46A4700118BE23990057F579 /* BMKGeometry.h */,
				46A4700218BE23990057F579 /* BMKGroundOverlay.h */,
				46A4700318BE23990057F579 /* BMKGroundOverlayView.h */,
				46A4700418BE23990057F579 /* BMKLocationViewDisplayParam.h */,
				46A4700518BE23990057F579 /* BMKMapManager.h */,
				46A4700618BE23990057F579 /* BMKMapStatus.h */,
				46A4700718BE23990057F579 /* BMKMapView.h */,
				46A4700818BE23990057F579 /* BMKMultiPoint.h */,
				46A4700918BE23990057F579 /* BMKNavigation.h */,
				46A4700A18BE23990057F579 /* BMKOfflineMap.h */,
				46A4700B18BE23990057F579 /* BMKOfflineMapType.h */,
				46A4700C18BE23990057F579 /* BMKOverlay.h */,
				46A4700D18BE23990057F579 /* BMKOverlayPathView.h */,
				46A4700E18BE23990057F579 /* BMKOverlayView.h */,
				46A4700F18BE23990057F579 /* BMKPinAnnotationView.h */,
				46A4701018BE23990057F579 /* BMKPointAnnotation.h */,
				46A4701118BE23990057F579 /* BMKPoiSearchType.h */,
				46A4701218BE23990057F579 /* BMKPolygon.h */,
				46A4701318BE23990057F579 /* BMKPolygonView.h */,
				46A4701418BE23990057F579 /* BMKPolyline.h */,
				46A4701518BE23990057F579 /* BMKPolylineView.h */,
				46A4701618BE23990057F579 /* BMKRouteSearchType.h */,
				46A4701718BE23990057F579 /* BMKSearch.h */,
				46A4701818BE23990057F579 /* BMKShape.h */,
				46A4701918BE23990057F579 /* BMKTypes.h */,
				46A4701A18BE23990057F579 /* BMKUserLocation.h */,
				46A4701B18BE23990057F579 /* BMKVersion.h */,
			);
			path = inc;
			sourceTree = "<group>";
		};
		46A4701D18BE23990057F579 /* Release-iphonesimulator */ = {
			isa = PBXGroup;
			children = (
				46A4701E18BE23990057F579 /* inc */,
				46A4704718BE23990057F579 /* libbaidumapapi.a */,
			);
			path = "Release-iphonesimulator";
			sourceTree = "<group>";
		};
		46A4701E18BE23990057F579 /* inc */ = {
			isa = PBXGroup;
			children = (
				46A4701F18BE23990057F579 /* BMapKit.h */,
				46A4702018BE23990057F579 /* BMKActionPaopaoView.h */,
				46A4702118BE23990057F579 /* BMKAnnotation.h */,
				46A4702218BE23990057F579 /* BMKAnnotationView.h */,
				46A4702318BE23990057F579 /* BMKArcline.h */,
				46A4702418BE23990057F579 /* BMKArclineView.h */,
				46A4702518BE23990057F579 /* BMKCircle.h */,
				46A4702618BE23990057F579 /* BMKCircleView.h */,
				46A4702718BE23990057F579 /* BMKCloudPOIList.h */,
				46A4702818BE23990057F579 /* BMKCloudSearch.h */,
				46A4702918BE23990057F579 /* BMKCloudSearchInfo.h */,
				46A4702A18BE23990057F579 /* BMKGeneralDelegate.h */,
				46A4702B18BE23990057F579 /* BMKGeocodeType.h */,
				46A4702C18BE23990057F579 /* BMKGeometry.h */,
				46A4702D18BE23990057F579 /* BMKGroundOverlay.h */,
				46A4702E18BE23990057F579 /* BMKGroundOverlayView.h */,
				46A4702F18BE23990057F579 /* BMKLocationViewDisplayParam.h */,
				46A4703018BE23990057F579 /* BMKMapManager.h */,
				46A4703118BE23990057F579 /* BMKMapStatus.h */,
				46A4703218BE23990057F579 /* BMKMapView.h */,
				46A4703318BE23990057F579 /* BMKMultiPoint.h */,
				46A4703418BE23990057F579 /* BMKNavigation.h */,
				46A4703518BE23990057F579 /* BMKOfflineMap.h */,
				46A4703618BE23990057F579 /* BMKOfflineMapType.h */,
				46A4703718BE23990057F579 /* BMKOverlay.h */,
				46A4703818BE23990057F579 /* BMKOverlayPathView.h */,
				46A4703918BE23990057F579 /* BMKOverlayView.h */,
				46A4703A18BE23990057F579 /* BMKPinAnnotationView.h */,
				46A4703B18BE23990057F579 /* BMKPointAnnotation.h */,
				46A4703C18BE23990057F579 /* BMKPoiSearchType.h */,
				46A4703D18BE23990057F579 /* BMKPolygon.h */,
				46A4703E18BE23990057F579 /* BMKPolygonView.h */,
				46A4703F18BE23990057F579 /* BMKPolyline.h */,
				46A4704018BE23990057F579 /* BMKPolylineView.h */,
				46A4704118BE23990057F579 /* BMKRouteSearchType.h */,
				46A4704218BE23990057F579 /* BMKSearch.h */,
				46A4704318BE23990057F579 /* BMKShape.h */,
				46A4704418BE23990057F579 /* BMKTypes.h */,
				46A4704518BE23990057F579 /* BMKUserLocation.h */,
				46A4704618BE23990057F579 /* BMKVersion.h */,
			);
			path = inc;
			sourceTree = "<group>";
		};
		46B233C618BCE6E000CC27A3 /* UMSocial_Sdk_3.3.3 */ = {
			isa = PBXGroup;
			children = (
				46B233C718BCE6E000CC27A3 /* UMSocialLocalizable.strings */,
				46B233C918BCE6E000CC27A3 /* frameworks */,
				46B233CE18BCE6E000CC27A3 /* Header */,
				46B233DA18BCE6E000CC27A3 /* libUMSocial_Sdk_3.3.3.a */,
				46B233DB18BCE6E000CC27A3 /* libUMSocial_Sdk_Comment_3.3.3.a */,
				46B233DC18BCE6E000CC27A3 /* SocialSDKXib */,
				46B233E518BCE6E000CC27A3 /* TencentOpenAPI */,
				46B233E818BCE6E000CC27A3 /* UMSocialSDKResourcesNew.bundle */,
			);
			path = UMSocial_Sdk_3.3.3;
			sourceTree = "<group>";
		};
		46B233C918BCE6E000CC27A3 /* frameworks */ = {
			isa = PBXGroup;
			children = (
				46B233CA18BCE6E000CC27A3 /* Wechat */,
			);
			path = frameworks;
			sourceTree = "<group>";
		};
		46B233CA18BCE6E000CC27A3 /* Wechat */ = {
			isa = PBXGroup;
			children = (
				46B233CB18BCE6E000CC27A3 /* libWeChatSDK.a */,
				46B233CC18BCE6E000CC27A3 /* WXApi.h */,
				46B233CD18BCE6E000CC27A3 /* WXApiObject.h */,
			);
			path = Wechat;
			sourceTree = "<group>";
		};
		46B233CE18BCE6E000CC27A3 /* Header */ = {
			isa = PBXGroup;
			children = (
				46B233CF18BCE6E000CC27A3 /* UMSocial.h */,
				46B233D018BCE6E000CC27A3 /* UMSocialAccountManager.h */,
				46B233D118BCE6E000CC27A3 /* UMSocialBar.h */,
				46B233D218BCE6E000CC27A3 /* UMSocialConfig.h */,
				46B233D318BCE6E000CC27A3 /* UMSocialControllerService.h */,
				46B233D418BCE6E000CC27A3 /* UMSocialControllerServiceComment.h */,
				46B233D518BCE6E000CC27A3 /* UMSocialData.h */,
				46B233D618BCE6E000CC27A3 /* UMSocialDataService.h */,
				46B233D718BCE6E000CC27A3 /* UMSocialSnsData.h */,
				46B233D818BCE6E000CC27A3 /* UMSocialSnsPlatformManager.h */,
				46B233D918BCE6E000CC27A3 /* UMSocialSnsService.h */,
			);
			path = Header;
			sourceTree = "<group>";
		};
		46B233DC18BCE6E000CC27A3 /* SocialSDKXib */ = {
			isa = PBXGroup;
			children = (
				46B233DD18BCE6E000CC27A3 /* UMSCommentDetailController.xib */,
				46B233DE18BCE6E000CC27A3 /* UMSCommentInputController.xib */,
				46B233DF18BCE6E000CC27A3 /* UMSCommentInputControlleriPad.xib */,
				46B233E018BCE6E000CC27A3 /* UMShareEditViewController.xib */,
				46B233E118BCE6E000CC27A3 /* UMShareEditViewControlleriPad.xib */,
				46B233E218BCE6E000CC27A3 /* UMSLoginViewController.xib */,
				46B233E318BCE6E000CC27A3 /* UMSnsAccountViewController.xib */,
				46B233E418BCE6E000CC27A3 /* UMSShareListController.xib */,
			);
			path = SocialSDKXib;
			sourceTree = "<group>";
		};
		46B233E518BCE6E000CC27A3 /* TencentOpenAPI */ = {
			isa = PBXGroup;
			children = (
				46B233E618BCE6E000CC27A3 /* TencentOpenAPI.framework */,
				46B233E718BCE6E000CC27A3 /* TencentOpenApi_IOS_Bundle.bundle */,
			);
			path = TencentOpenAPI;
			sourceTree = "<group>";
		};
		46B25AE718C0716E0035F425 /* Views */ = {
			isa = PBXGroup;
			children = (
				46B25AEB18C086D30035F425 /* WorkCell.h */,
				46B25AEC18C086D30035F425 /* WorkCell.m */,
				46E84EC218C2D7330004C146 /* SelectionPanel.h */,
				46E84EC318C2D7330004C146 /* SelectionPanel.m */,
			);
			path = Views;
			sourceTree = "<group>";
		};
		46BCD24018BB85FC005C4BD6 /* Controls */ = {
			isa = PBXGroup;
			children = (
				46BCD24118BB85FC005C4BD6 /* WelQRCode */,
			);
			path = Controls;
			sourceTree = "<group>";
		};
		46BCD24118BB85FC005C4BD6 /* WelQRCode */ = {
			isa = PBXGroup;
			children = (
				46BCD24218BB85FC005C4BD6 /* line@2x.png */,
				46BCD24C18BB91F5005C4BD6 /* flush.caf */,
				46BCD24318BB85FC005C4BD6 /* pick_bg@2x.png */,
				46BCD24418BB85FC005C4BD6 /* WelQRGeneraterViewController.h */,
				46BCD24518BB85FC005C4BD6 /* WelQRGeneraterViewController.m */,
				46BCD24618BB85FC005C4BD6 /* WelQRReaderViewController.h */,
				46BCD24718BB85FC005C4BD6 /* WelQRReaderViewController.m */,
			);
			path = WelQRCode;
			sourceTree = "<group>";
		};
		46BCD24E18BC3B4F005C4BD6 /* SVProgressHUD */ = {
			isa = PBXGroup;
			children = (
				46BCD24F18BC3B4F005C4BD6 /* SVProgressHUD.bundle */,
				46BCD25018BC3B4F005C4BD6 /* SVProgressHUD.h */,
				46BCD25118BC3B4F005C4BD6 /* SVProgressHUD.m */,
			);
			path = SVProgressHUD;
			sourceTree = "<group>";
		};
		46BCD25418BC6271005C4BD6 /* Chat */ = {
			isa = PBXGroup;
			children = (
				46BCD25518BC628E005C4BD6 /* ChatSessionListViewController.h */,
				46BCD25618BC628E005C4BD6 /* ChatSessionListViewController.m */,
			);
			path = Chat;
			sourceTree = "<group>";
		};
		46BCD25818BC7146005C4BD6 /* Works */ = {
			isa = PBXGroup;
			children = (
				46BCD25918BC7162005C4BD6 /* WorksViewController.h */,
				46BCD25A18BC7162005C4BD6 /* WorksViewController.m */,
				46BCD26418BC796B005C4BD6 /* WorkDetailViewController.h */,
				46BCD26518BC796B005C4BD6 /* WorkDetailViewController.m */,
			);
			path = Works;
			sourceTree = "<group>";
		};
		46BCD25C18BC724E005C4BD6 /* Groups */ = {
			isa = PBXGroup;
			children = (
				46BCD25D18BC725D005C4BD6 /* GroupsViewController.h */,
				46BCD25E18BC725D005C4BD6 /* GroupsViewController.m */,
				46BCD26718BC797B005C4BD6 /* GroupDetailViewController.h */,
				46BCD26818BC797B005C4BD6 /* GroupDetailViewController.m */,
			);
			path = Groups;
			sourceTree = "<group>";
		};
		46BCD26018BC7533005C4BD6 /* Common */ = {
			isa = PBXGroup;
			children = (
				46BCD26118BC7561005C4BD6 /* CityListViewController.h */,
				46BCD26218BC7561005C4BD6 /* CityListViewController.m */,
				4665FD7A18BC7D4700E88C6B /* CommentsViewController.h */,
				4665FD7B18BC7D4700E88C6B /* CommentsViewController.m */,
				46A4704D18BE28DA0057F579 /* MapViewController.h */,
				46B25AE518BF1CC60035F425 /* MapViewController.mm */,
			);
			path = Common;
			sourceTree = "<group>";
		};
		46BCD27018BC79D3005C4BD6 /* Staffs */ = {
			isa = PBXGroup;
			children = (
				46BCD27118BC79E0005C4BD6 /* StaffsViewController.h */,
				46BCD27218BC79E0005C4BD6 /* StaffsViewController.m */,
				46BCD27418BC79EB005C4BD6 /* StaffDetailViewController.h */,
				46BCD27518BC79EB005C4BD6 /* StaffDetailViewController.m */,
			);
			path = Staffs;
			sourceTree = "<group>";
		};
		46E84EB918C2C7040004C146 /* UzysCircularProgressPullToRefresh */ = {
			isa = PBXGroup;
			children = (
				46E84EBA18C2C7040004C146 /* centerIcon@2x.png */,
				46E84EBB18C2C7040004C146 /* UIScrollView+UzysCircularProgressPullToRefresh.h */,
				46E84EBC18C2C7040004C146 /* UIScrollView+UzysCircularProgressPullToRefresh.m */,
				46E84EBD18C2C7040004C146 /* UzysRadialProgressActivityIndicator.h */,
				46E84EBE18C2C7040004C146 /* UzysRadialProgressActivityIndicator.m */,
			);
			path = UzysCircularProgressPullToRefresh;
			sourceTree = "<group>";
		};
		46E84ECB18C2DB930004C146 /* KNSemiModalViewController */ = {
			isa = PBXGroup;
			children = (
				46E84ECC18C2DB930004C146 /* UIViewController+KNSemiModal.h */,
				46E84ECD18C2DB930004C146 /* UIViewController+KNSemiModal.m */,
			);
			path = KNSemiModalViewController;
			sourceTree = "<group>";
		};
/* End PBXGroup section */

/* Begin PBXNativeTarget section */
		18A9125E18BB216E006B9A04 /* WelHair */ = {
			isa = PBXNativeTarget;
			buildConfigurationList = 18A9128B18BB216E006B9A04 /* Build configuration list for PBXNativeTarget "WelHair" */;
			buildPhases = (
				BBFCEE8E2FA94743A5B97B04 /* Check Pods Manifest.lock */,
				18A9125B18BB216E006B9A04 /* Sources */,
				18A9125C18BB216E006B9A04 /* Frameworks */,
				18A9125D18BB216E006B9A04 /* Resources */,
				F6DB7E5905E7411392BBDDDD /* Copy Pods Resources */,
			);
			buildRules = (
			);
			dependencies = (
			);
			name = WelHair;
			productName = WelHair;
			productReference = 18A9125F18BB216E006B9A04 /* WelHair.app */;
			productType = "com.apple.product-type.application";
		};
/* End PBXNativeTarget section */

/* Begin PBXProject section */
		18A9125718BB216E006B9A04 /* Project object */ = {
			isa = PBXProject;
			attributes = {
				LastUpgradeCheck = 0500;
				ORGANIZATIONNAME = Welfony;
				TargetAttributes = {
					18A9125E18BB216E006B9A04 = {
						DevelopmentTeam = X23L3QCJ5Z;
					};
				};
			};
			buildConfigurationList = 18A9125A18BB216E006B9A04 /* Build configuration list for PBXProject "WelHair" */;
			compatibilityVersion = "Xcode 3.2";
			developmentRegion = English;
			hasScannedForEncodings = 0;
			knownRegions = (
				en,
				"zh-Hans",
			);
			mainGroup = 18A9125618BB216E006B9A04;
			productRefGroup = 18A9126018BB216E006B9A04 /* Products */;
			projectDirPath = "";
			projectRoot = "";
			targets = (
				18A9125E18BB216E006B9A04 /* WelHair */,
			);
		};
/* End PBXProject section */

/* Begin PBXResourcesBuildPhase section */
		18A9125D18BB216E006B9A04 /* Resources */ = {
			isa = PBXResourcesBuildPhase;
			buildActionMask = 2147483647;
			files = (
				46BCD24D18BB927F005C4BD6 /* flush.caf in Resources */,
				46BCD24918BB85FC005C4BD6 /* pick_bg@2x.png in Resources */,
				46B233F318BCE6E000CC27A3 /* UMSLoginViewController.xib in Resources */,
				46A46FEE18BE21BB0057F579 /* mapapi.bundle in Resources */,
				46BCD24818BB85FC005C4BD6 /* line@2x.png in Resources */,
				46B233F018BCE6E000CC27A3 /* UMSCommentInputControlleriPad.xib in Resources */,
				18A912BE18BB25AA006B9A04 /* Icon-40.png in Resources */,
				46B233F818BCE6E000CC27A3 /* UMSocialSDKResourcesNew.bundle in Resources */,
				18A912C318BB25AA006B9A04 /* Icon-76.png in Resources */,
				46B233F418BCE6E000CC27A3 /* UMSnsAccountViewController.xib in Resources */,
				18A912C618BB25AA006B9A04 /* Icon-Small-50@2x.png in Resources */,
				18A912D818BB2670006B9A04 /* Default@2x.png in Resources */,
				18A912C818BB25AA006B9A04 /* Icon-Small@2x.png in Resources */,
				18A912C018BB25AA006B9A04 /* Icon-60@2x.png in Resources */,
				18A912D218BB2670006B9A04 /* Default-568h@2x.png in Resources */,
				18A912C218BB25AA006B9A04 /* Icon-72@2x.png in Resources */,
				18A912D718BB2670006B9A04 /* Default.png in Resources */,
				46B233EF18BCE6E000CC27A3 /* UMSCommentInputController.xib in Resources */,
				18A912D618BB2670006B9A04 /* Default-Portrait~ipad.png in Resources */,
				18A912D418BB2670006B9A04 /* Default-Landscape~ipad.png in Resources */,
				18A912C418BB25AA006B9A04 /* Icon-76@2x.png in Resources */,
				46B233EE18BCE6E000CC27A3 /* UMSCommentDetailController.xib in Resources */,
				18A9129D18BB2350006B9A04 /* Debug.xcconfig in Resources */,
				18A912C118BB25AA006B9A04 /* Icon-72.png in Resources */,
				18A912CA18BB25AA006B9A04 /* Icon@2x.png in Resources */,
				46B233EA18BCE6E000CC27A3 /* UMSocialLocalizable.strings in Resources */,
				46BCD25218BC3B4F005C4BD6 /* SVProgressHUD.bundle in Resources */,
				18A912D518BB2670006B9A04 /* Default-Portrait@2x~ipad.png in Resources */,
				18A912A518BB249A006B9A04 /* InfoPlist.strings in Resources */,
				46B233F218BCE6E000CC27A3 /* UMShareEditViewControlleriPad.xib in Resources */,
				18A912C918BB25AA006B9A04 /* Icon.png in Resources */,
				18A912D318BB2670006B9A04 /* Default-Landscape@2x~ipad.png in Resources */,
				46E84EBF18C2C7040004C146 /* centerIcon@2x.png in Resources */,
				18A912BF18BB25AA006B9A04 /* Icon-40@2x.png in Resources */,
				18A912C718BB25AA006B9A04 /* Icon-Small.png in Resources */,
				18A912AE18BB2552006B9A04 /* Images.xcassets in Resources */,
				18A912A818BB249E006B9A04 /* Localizable.strings in Resources */,
				18A9129F18BB2350006B9A04 /* Test.xcconfig in Resources */,
				46B233F518BCE6E000CC27A3 /* UMSShareListController.xib in Resources */,
				46B233F118BCE6E000CC27A3 /* UMShareEditViewController.xib in Resources */,
				18A912C518BB25AA006B9A04 /* Icon-Small-50.png in Resources */,
				46B233F718BCE6E000CC27A3 /* TencentOpenApi_IOS_Bundle.bundle in Resources */,
				18A9129C18BB2350006B9A04 /* Base.xcconfig in Resources */,
				18A9129E18BB2350006B9A04 /* Release.xcconfig in Resources */,
			);
			runOnlyForDeploymentPostprocessing = 0;
		};
/* End PBXResourcesBuildPhase section */

/* Begin PBXShellScriptBuildPhase section */
		BBFCEE8E2FA94743A5B97B04 /* Check Pods Manifest.lock */ = {
			isa = PBXShellScriptBuildPhase;
			buildActionMask = 2147483647;
			files = (
			);
			inputPaths = (
			);
			name = "Check Pods Manifest.lock";
			outputPaths = (
			);
			runOnlyForDeploymentPostprocessing = 0;
			shellPath = /bin/sh;
			shellScript = "diff \"${PODS_ROOT}/../Podfile.lock\" \"${PODS_ROOT}/Manifest.lock\" > /dev/null\nif [[ $? != 0 ]] ; then\n    cat << EOM\nerror: The sandbox is not in sync with the Podfile.lock. Run 'pod install' or update your CocoaPods installation.\nEOM\n    exit 1\nfi\n";
			showEnvVarsInLog = 0;
		};
		F6DB7E5905E7411392BBDDDD /* Copy Pods Resources */ = {
			isa = PBXShellScriptBuildPhase;
			buildActionMask = 2147483647;
			files = (
			);
			inputPaths = (
			);
			name = "Copy Pods Resources";
			outputPaths = (
			);
			runOnlyForDeploymentPostprocessing = 0;
			shellPath = /bin/sh;
			shellScript = "\"${SRCROOT}/Pods/Pods-resources.sh\"\n";
			showEnvVarsInLog = 0;
		};
/* End PBXShellScriptBuildPhase section */

/* Begin PBXSourcesBuildPhase section */
		18A9125B18BB216E006B9A04 /* Sources */ = {
			isa = PBXSourcesBuildPhase;
			buildActionMask = 2147483647;
			files = (
				46BCD25F18BC725D005C4BD6 /* GroupsViewController.m in Sources */,
				46B233B718BCDC4200CC27A3 /* LoginViewController.m in Sources */,
				46E84EC718C2D7F80004C146 /* SelectOpitions.m in Sources */,
				46B25AE418BF1CAA0035F425 /* RootViewController.m in Sources */,
				4660E69018BB73E1005B3C7D /* ProductsViewController.m in Sources */,
				18A912E418BB26B6006B9A04 /* User.m in Sources */,
				46BCD25318BC3B4F005C4BD6 /* SVProgressHUD.m in Sources */,
				18A9127318BB216E006B9A04 /* AppDelegate.m in Sources */,
				46BCD25B18BC7162005C4BD6 /* WorksViewController.m in Sources */,
				46BCD26918BC797B005C4BD6 /* GroupDetailViewController.m in Sources */,
				18A912EC18BB2826006B9A04 /* UIView+WelKit.m in Sources */,
				4665FD7C18BC7D4700E88C6B /* CommentsViewController.m in Sources */,
				46BCD26318BC7561005C4BD6 /* CityListViewController.m in Sources */,
				46B25AED18C086D30035F425 /* WorkCell.m in Sources */,
				46BCD24B18BB85FC005C4BD6 /* WelQRReaderViewController.m in Sources */,
				46BCD25718BC628E005C4BD6 /* ChatSessionListViewController.m in Sources */,
				46BCD26618BC796B005C4BD6 /* WorkDetailViewController.m in Sources */,
				46E84ED118C2E1550004C146 /* UINavigationBar+WelKit.m in Sources */,
				4665FD8518BC801000E88C6B /* Work.m in Sources */,
				46B25AE618BF1CC60035F425 /* MapViewController.mm in Sources */,
				46E84EC118C2C7040004C146 /* UzysRadialProgressActivityIndicator.m in Sources */,
				46E84ECE18C2DB930004C146 /* UIViewController+KNSemiModal.m in Sources */,
				18A912E218BB26B6006B9A04 /* BaseViewController.m in Sources */,
				46E84EC018C2C7040004C146 /* UIScrollView+UzysCircularProgressPullToRefresh.m in Sources */,
				46B25AF018C185290035F425 /* FakeDataHelper.m in Sources */,
				46E84EC418C2D7330004C146 /* SelectionPanel.m in Sources */,
				46BCD27618BC79EB005C4BD6 /* StaffDetailViewController.m in Sources */,
				46BCD24A18BB85FC005C4BD6 /* WelQRGeneraterViewController.m in Sources */,
				46E84ED418C2E1CC0004C146 /* UIImage+WelKit.m in Sources */,
				46E84ECA18C2D9050004C146 /* ProductDetailViewController.m in Sources */,
				18A9126F18BB216E006B9A04 /* main.m in Sources */,
				4660E69618BB73FF005B3C7D /* UserViewController.m in Sources */,
				46BCD27318BC79E0005C4BD6 /* StaffsViewController.m in Sources */,
			);
			runOnlyForDeploymentPostprocessing = 0;
		};
/* End PBXSourcesBuildPhase section */

/* Begin PBXVariantGroup section */
		18A912A718BB249A006B9A04 /* InfoPlist.strings */ = {
			isa = PBXVariantGroup;
			children = (
				18A912A618BB249A006B9A04 /* en */,
				18A912AB18BB24B1006B9A04 /* zh-Hans */,
			);
			name = InfoPlist.strings;
			sourceTree = "<group>";
		};
		18A912AA18BB249E006B9A04 /* Localizable.strings */ = {
			isa = PBXVariantGroup;
			children = (
				18A912A918BB249E006B9A04 /* en */,
				18A912AC18BB24B1006B9A04 /* zh-Hans */,
			);
			name = Localizable.strings;
			sourceTree = "<group>";
		};
		46B233C718BCE6E000CC27A3 /* UMSocialLocalizable.strings */ = {
			isa = PBXVariantGroup;
			children = (
				46B233C818BCE6E000CC27A3 /* en */,
				46B233E918BCE6E000CC27A3 /* zh-Hans */,
			);
			name = UMSocialLocalizable.strings;
			sourceTree = "<group>";
		};
/* End PBXVariantGroup section */

/* Begin XCBuildConfiguration section */
		18A9128918BB216E006B9A04 /* Debug */ = {
			isa = XCBuildConfiguration;
			baseConfigurationReference = 18A9129518BB2350006B9A04 /* Debug.xcconfig */;
			buildSettings = {
				ALWAYS_SEARCH_USER_PATHS = NO;
				ARCHS = "$(ARCHS_STANDARD)";
				"ARCHS[sdk=iphoneos*]" = "$(ARCHS_STANDARD)";
				CLANG_CXX_LANGUAGE_STANDARD = "gnu++0x";
				CLANG_CXX_LIBRARY = "libc++";
				CLANG_ENABLE_MODULES = YES;
				CLANG_ENABLE_OBJC_ARC = YES;
				CLANG_WARN_BOOL_CONVERSION = YES;
				CLANG_WARN_CONSTANT_CONVERSION = YES;
				CLANG_WARN_DIRECT_OBJC_ISA_USAGE = YES_ERROR;
				CLANG_WARN_EMPTY_BODY = YES;
				CLANG_WARN_ENUM_CONVERSION = YES;
				CLANG_WARN_INT_CONVERSION = YES;
				CLANG_WARN_OBJC_ROOT_CLASS = YES_ERROR;
				CLANG_WARN__DUPLICATE_METHOD_MATCH = YES;
				"CODE_SIGN_IDENTITY[sdk=iphoneos*]" = "iPhone Developer";
				COPY_PHASE_STRIP = NO;
				GCC_C_LANGUAGE_STANDARD = gnu99;
				GCC_DYNAMIC_NO_PIC = NO;
				GCC_OPTIMIZATION_LEVEL = 0;
				GCC_PREPROCESSOR_DEFINITIONS = (
					"DEBUG=1",
					"$(inherited)",
				);
				GCC_SYMBOLS_PRIVATE_EXTERN = NO;
				GCC_WARN_64_TO_32_BIT_CONVERSION = YES;
				GCC_WARN_ABOUT_RETURN_TYPE = YES_ERROR;
				GCC_WARN_UNDECLARED_SELECTOR = YES;
				GCC_WARN_UNINITIALIZED_AUTOS = YES;
				GCC_WARN_UNUSED_FUNCTION = YES;
				GCC_WARN_UNUSED_VARIABLE = YES;
				IPHONEOS_DEPLOYMENT_TARGET = 6.0;
				ONLY_ACTIVE_ARCH = YES;
				SDKROOT = iphoneos;
			};
			name = Debug;
		};
		18A9128A18BB216E006B9A04 /* Release */ = {
			isa = XCBuildConfiguration;
			baseConfigurationReference = 18A9129618BB2350006B9A04 /* Release.xcconfig */;
			buildSettings = {
				ALWAYS_SEARCH_USER_PATHS = NO;
				ARCHS = "$(ARCHS_STANDARD)";
				"ARCHS[sdk=iphoneos*]" = "$(ARCHS_STANDARD)";
				CLANG_CXX_LANGUAGE_STANDARD = "gnu++0x";
				CLANG_CXX_LIBRARY = "libc++";
				CLANG_ENABLE_MODULES = YES;
				CLANG_ENABLE_OBJC_ARC = YES;
				CLANG_WARN_BOOL_CONVERSION = YES;
				CLANG_WARN_CONSTANT_CONVERSION = YES;
				CLANG_WARN_DIRECT_OBJC_ISA_USAGE = YES_ERROR;
				CLANG_WARN_EMPTY_BODY = YES;
				CLANG_WARN_ENUM_CONVERSION = YES;
				CLANG_WARN_INT_CONVERSION = YES;
				CLANG_WARN_OBJC_ROOT_CLASS = YES_ERROR;
				CLANG_WARN__DUPLICATE_METHOD_MATCH = YES;
				"CODE_SIGN_IDENTITY[sdk=iphoneos*]" = "iPhone Developer";
				COPY_PHASE_STRIP = YES;
				ENABLE_NS_ASSERTIONS = NO;
				GCC_C_LANGUAGE_STANDARD = gnu99;
				GCC_WARN_64_TO_32_BIT_CONVERSION = YES;
				GCC_WARN_ABOUT_RETURN_TYPE = YES_ERROR;
				GCC_WARN_UNDECLARED_SELECTOR = YES;
				GCC_WARN_UNINITIALIZED_AUTOS = YES;
				GCC_WARN_UNUSED_FUNCTION = YES;
				GCC_WARN_UNUSED_VARIABLE = YES;
				IPHONEOS_DEPLOYMENT_TARGET = 6.0;
				SDKROOT = iphoneos;
				VALIDATE_PRODUCT = YES;
			};
			name = Release;
		};
		18A9128C18BB216E006B9A04 /* Debug */ = {
			isa = XCBuildConfiguration;
			baseConfigurationReference = DB57361E9AB145E7AB30BD59 /* Pods.xcconfig */;
			buildSettings = {
				ARCHS = "$(ARCHS_STANDARD)";
				"ARCHS[sdk=iphoneos*]" = "$(ARCHS_STANDARD)";
				ASSETCATALOG_COMPILER_APPICON_NAME = AppIcon;
				ASSETCATALOG_COMPILER_LAUNCHIMAGE_NAME = LaunchImage;
				CODE_SIGN_IDENTITY = "iPhone Developer";
				FRAMEWORK_SEARCH_PATHS = (
					"$(inherited)",
					"$(SRCROOT)/App/Vendor/UMSocial_Sdk_3.3.3/TencentOpenAPI",
				);
				GCC_PRECOMPILE_PREFIX_HEADER = YES;
				GCC_PREFIX_HEADER = "$(SRCROOT)/App/Prefix.pch";
				GCC_TREAT_WARNINGS_AS_ERRORS = NO;
				INFOPLIST_FILE = "$(SRCROOT)/App/Info.plist";
				LIBRARY_SEARCH_PATHS = (
					"$(inherited)",
					"$(SRCROOT)/App/Vendor/UMSocial_Sdk_3.3.3/frameworks/Wechat",
					"$(SRCROOT)/App/Vendor/UMSocial_Sdk_3.3.3",
					"$(SRCROOT)/App/Assets/BaiduMap/libs/Release$(EFFECTIVE_PLATFORM_NAME)",
				);
				PRODUCT_NAME = "$(TARGET_NAME)";
				WRAPPER_EXTENSION = app;
			};
			name = Debug;
		};
		18A9128D18BB216E006B9A04 /* Release */ = {
			isa = XCBuildConfiguration;
			baseConfigurationReference = DB57361E9AB145E7AB30BD59 /* Pods.xcconfig */;
			buildSettings = {
				ARCHS = "$(ARCHS_STANDARD)";
				"ARCHS[sdk=iphoneos*]" = "$(ARCHS_STANDARD)";
				ASSETCATALOG_COMPILER_APPICON_NAME = AppIcon;
				ASSETCATALOG_COMPILER_LAUNCHIMAGE_NAME = LaunchImage;
				CODE_SIGN_IDENTITY = "iPhone Developer";
				FRAMEWORK_SEARCH_PATHS = (
					"$(inherited)",
					"$(SRCROOT)/App/Vendor/UMSocial_Sdk_3.3.3/TencentOpenAPI",
				);
				GCC_PRECOMPILE_PREFIX_HEADER = YES;
				GCC_PREFIX_HEADER = "$(SRCROOT)/App/Prefix.pch";
				INFOPLIST_FILE = "$(SRCROOT)/App/Info.plist";
				LIBRARY_SEARCH_PATHS = (
					"$(inherited)",
					"$(SRCROOT)/App/Vendor/UMSocial_Sdk_3.3.3/frameworks/Wechat",
					"$(SRCROOT)/App/Vendor/UMSocial_Sdk_3.3.3",
					"$(SRCROOT)/App/Assets/BaiduMap/libs/Release$(EFFECTIVE_PLATFORM_NAME)",
				);
				PRODUCT_NAME = "$(TARGET_NAME)";
				WRAPPER_EXTENSION = app;
			};
			name = Release;
		};
/* End XCBuildConfiguration section */

/* Begin XCConfigurationList section */
		18A9125A18BB216E006B9A04 /* Build configuration list for PBXProject "WelHair" */ = {
			isa = XCConfigurationList;
			buildConfigurations = (
				18A9128918BB216E006B9A04 /* Debug */,
				18A9128A18BB216E006B9A04 /* Release */,
			);
			defaultConfigurationIsVisible = 0;
			defaultConfigurationName = Release;
		};
		18A9128B18BB216E006B9A04 /* Build configuration list for PBXNativeTarget "WelHair" */ = {
			isa = XCConfigurationList;
			buildConfigurations = (
				18A9128C18BB216E006B9A04 /* Debug */,
				18A9128D18BB216E006B9A04 /* Release */,
			);
			defaultConfigurationIsVisible = 0;
			defaultConfigurationName = Release;
		};
/* End XCConfigurationList section */
	};
	rootObject = 18A9125718BB216E006B9A04 /* Project object */;
}
